{
  "version": 4,
  "terraform_version": "1.14.9",
  "serial": 309,
  "lineage": "39507220-c5c3-2331-98d0-254c2fdcf9eb",
  "outputs": {
    "github_actions_role_arn": {
      "value": "arn:aws:iam::414444871239:role/GitHubActionsOIDCRole",
      "type": "string"
    }
  },
  "resources": [
    {
      "mode": "managed",
      "type": "aws_wafv2_web_acl_association",
      "name": "app",
      "provider": "provider[\"registry.terraform.io/hashicorp/aws\"]",
      "instances": [
        {
          "schema_version": 0,
          "attributes": {
            "id": "arn:aws:wafv2:us-east-1:414444871239:regional/webacl/app-waf-acl/92cb2057-a793-4e73-8fec-62a924bc7c4f,arn:aws:elasticloadbalancing:us-east-1:414444871239:loadbalancer/app/app-e4834c44f0b269573e8ec60188/59e58b3cc853f8d8",
            "region": "us-east-1",
            "resource_arn": "arn:aws:elasticloadbalancing:us-east-1:414444871239:loadbalancer/app/app-e4834c44f0b269573e8ec60188/59e58b3cc853f8d8",
            "timeouts": null,
            "web_acl_arn": "arn:aws:wafv2:us-east-1:414444871239:regional/webacl/app-waf-acl/92cb2057-a793-4e73-8fec-62a924bc7c4f"
          },
          "sensitive_attributes": [],
          "identity_schema_version": 0,
          "private": "eyJlMmJmYjczMC1lY2FhLTExZTYtOGY4OC0zNDM2M2JjN2M0YzAiOnsiY3JlYXRlIjo2MDAwMDAwMDAwMDB9fQ==",
          "dependencies": [
            "module.compute.aws_lb.app_alb",
            "module.network.aws_subnet.public_1",
            "module.network.aws_subnet.public_2",
            "module.network.aws_vpc.main",
            "module.network.data.aws_availability_zones.available",
            "module.security.aws_security_group.alb_sg",
            "module.security.aws_wafv2_web_acl.app"
          ]
        }
      ]
    },
    {
      "module": "module.compute",
      "mode": "data",
      "type": "aws_route53_zone",
      "name": "selected",
      "provider": "provider[\"registry.terraform.io/hashicorp/aws\"]",
      "instances": [
        {
          "schema_version": 0,
          "attributes": {
            "arn": "arn:aws:route53:::hostedzone/Z03661675MKDKZAJ8CUT",
            "caller_reference": "RISWorkflow-RD:83c29d79-60ed-4fc3-abe5-77af6803d94d",
            "comment": "HostedZone created by Route53 Registrar",
            "enable_accelerated_recovery": false,
            "id": "Z03661675MKDKZAJ8CUT",
            "linked_service_description": null,
            "linked_service_principal": null,
            "name": "marom-magic.click",
            "name_servers": [
              "ns-777.awsdns-33.net",
              "ns-447.awsdns-55.com",
              "ns-1585.awsdns-06.co.uk",
              "ns-1424.awsdns-50.org"
            ],
            "primary_name_server": "ns-777.awsdns-33.net",
            "private_zone": false,
            "resource_record_set_count": 4,
            "tags": {},
            "vpc_id": null,
            "zone_id": "Z03661675MKDKZAJ8CUT"
          },
          "sensitive_attributes": [],
          "identity_schema_version": 0
        }
      ]
    },
    {
      "module": "module.compute",
      "mode": "managed",
      "type": "aws_autoscaling_group",
      "name": "backend",
      "provider": "provider[\"registry.terraform.io/hashicorp/aws\"]",
      "instances": [
        {
          "schema_version": 1,
          "attributes": {
            "arn": "arn:aws:autoscaling:us-east-1:414444871239:autoScalingGroup:57487b38-324e-41db-a4f1-a9ed030a552f:autoScalingGroupName/backend-asg",
            "availability_zone_distribution": [
              {
                "capacity_distribution_strategy": "balanced-best-effort"
              }
            ],
            "availability_zones": [
              "us-east-1a",
              "us-east-1b"
            ],
            "capacity_rebalance": false,
            "capacity_reservation_specification": [
              {
                "capacity_reservation_preference": "default",
                "capacity_reservation_target": []
              }
            ],
            "context": "",
            "default_cooldown": 300,
            "default_instance_warmup": 0,
            "desired_capacity": 1,
            "desired_capacity_type": "",
            "enabled_metrics": [],
            "force_delete": false,
            "force_delete_warm_pool": false,
            "health_check_grace_period": 300,
            "health_check_type": "ELB",
            "id": "backend-asg",
            "ignore_failed_scaling_activities": false,
            "initial_lifecycle_hook": [],
            "instance_lifecycle_policy": [
              {
                "retention_triggers": [
                  {
                    "terminate_hook_abandon": "terminate"
                  }
                ]
              }
            ],
            "instance_maintenance_policy": [],
            "instance_refresh": [],
            "launch_configuration": "",
            "launch_template": [
              {
                "id": "lt-0a7c3f2a7fd6bcde4",
                "name": "backend-955b67c6af5bb8fa689b3861c2",
                "version": "$Latest"
              }
            ],
            "load_balancers": [],
            "max_instance_lifetime": 0,
            "max_size": 2,
            "metrics_granularity": "1Minute",
            "min_elb_capacity": null,
            "min_size": 1,
            "mixed_instances_policy": [],
            "name": "backend-asg",
            "name_prefix": "",
            "placement_group": "",
            "predicted_capacity": 0,
            "protect_from_scale_in": false,
            "region": "us-east-1",
            "service_linked_role_arn": "arn:aws:iam::414444871239:role/aws-service-role/autoscaling.amazonaws.com/AWSServiceRoleForAutoScaling",
            "suspended_processes": [],
            "tag": [
              {
                "key": "Name",
                "propagate_at_launch": true,
                "value": "backend-asg"
              }
            ],
            "target_group_arns": [
              "arn:aws:elasticloadbalancing:us-east-1:414444871239:targetgroup/app-tg/08aec60ba715c7e3"
            ],
            "termination_policies": [],
            "timeouts": null,
            "traffic_source": [
              {
                "identifier": "arn:aws:elasticloadbalancing:us-east-1:414444871239:targetgroup/app-tg/08aec60ba715c7e3",
                "type": "elbv2"
              }
            ],
            "vpc_zone_identifier": [
              "subnet-02c974e7382994ad1",
              "subnet-0b7d54d209c6a9bb8"
            ],
            "wait_for_capacity_timeout": "10m",
            "wait_for_elb_capacity": null,
            "warm_pool": [],
            "warm_pool_size": 0
          },
          "sensitive_attributes": [],
          "identity_schema_version": 0,
          "identity": {
            "account_id": "414444871239",
            "name": "backend-asg",
            "region": "us-east-1"
          },
          "private": "eyJlMmJmYjczMC1lY2FhLTExZTYtOGY4OC0zNDM2M2JjN2M0YzAiOnsiZGVsZXRlIjo2MDAwMDAwMDAwMDAsInVwZGF0ZSI6NjAwMDAwMDAwMDAwfSwic2NoZW1hX3ZlcnNpb24iOiIxIn0=",
          "dependencies": [
            "module.compute.aws_launch_template.backend",
            "module.compute.aws_lb_target_group.app_tg",
            "module.data.aws_docdb_cluster.docdb",
            "module.data.aws_docdb_subnet_group.docdb_subnet_group",
            "module.data.aws_security_group.db_sg",
            "module.ecr.aws_ecr_repository.backend",
            "module.network.aws_subnet.private_1",
            "module.network.aws_subnet.private_2",
            "module.network.aws_vpc.main",
            "module.network.data.aws_availability_zones.available",
            "module.security.aws_iam_instance_profile.ec2_profile",
            "module.security.aws_iam_role.ec2_role",
            "module.security.aws_security_group.alb_sg",
            "module.security.aws_security_group.backend_sg",
            "module.security.aws_security_group.frontend_sg"
          ]
        }
      ]
    },
    {
      "module": "module.compute",
      "mode": "managed",
      "type": "aws_autoscaling_group",
      "name": "frontend",
      "provider": "provider[\"registry.terraform.io/hashicorp/aws\"]",
      "instances": [
        {
          "schema_version": 1,
          "attributes": {
            "arn": "arn:aws:autoscaling:us-east-1:414444871239:autoScalingGroup:858e4a39-61fa-4f68-9b4f-5848c3ece52b:autoScalingGroupName/frontend-asg",
            "availability_zone_distribution": [
              {
                "capacity_distribution_strategy": "balanced-best-effort"
              }
            ],
            "availability_zones": [
              "us-east-1a",
              "us-east-1b"
            ],
            "capacity_rebalance": false,
            "capacity_reservation_specification": [
              {
                "capacity_reservation_preference": "default",
                "capacity_reservation_target": []
              }
            ],
            "context": "",
            "default_cooldown": 300,
            "default_instance_warmup": 0,
            "desired_capacity": 1,
            "desired_capacity_type": "",
            "enabled_metrics": [],
            "force_delete": false,
            "force_delete_warm_pool": false,
            "health_check_grace_period": 300,
            "health_check_type": "ELB",
            "id": "frontend-asg",
            "ignore_failed_scaling_activities": false,
            "initial_lifecycle_hook": [],
            "instance_lifecycle_policy": [
              {
                "retention_triggers": [
                  {
                    "terminate_hook_abandon": "terminate"
                  }
                ]
              }
            ],
            "instance_maintenance_policy": [],
            "instance_refresh": [],
            "launch_configuration": "",
            "launch_template": [
              {
                "id": "lt-01ccc307d856cda09",
                "name": "frontend-1bd3e30ba4255c173934a87d3f",
                "version": "$Latest"
              }
            ],
            "load_balancers": [],
            "max_instance_lifetime": 0,
            "max_size": 2,
            "metrics_granularity": "1Minute",
            "min_elb_capacity": null,
            "min_size": 1,
            "mixed_instances_policy": [],
            "name": "frontend-asg",
            "name_prefix": "",
            "placement_group": "",
            "predicted_capacity": 0,
            "protect_from_scale_in": false,
            "region": "us-east-1",
            "service_linked_role_arn": "arn:aws:iam::414444871239:role/aws-service-role/autoscaling.amazonaws.com/AWSServiceRoleForAutoScaling",
            "suspended_processes": [],
            "tag": [
              {
                "key": "Name",
                "propagate_at_launch": true,
                "value": "frontend-asg"
              }
            ],
            "target_group_arns": [
              "arn:aws:elasticloadbalancing:us-east-1:414444871239:targetgroup/frontend-tg/baf42712cdc5305c"
            ],
            "termination_policies": [],
            "timeouts": null,
            "traffic_source": [
              {
                "identifier": "arn:aws:elasticloadbalancing:us-east-1:414444871239:targetgroup/frontend-tg/baf42712cdc5305c",
                "type": "elbv2"
              }
            ],
            "vpc_zone_identifier": [
              "subnet-02c974e7382994ad1",
              "subnet-0b7d54d209c6a9bb8"
            ],
            "wait_for_capacity_timeout": "10m",
            "wait_for_elb_capacity": null,
            "warm_pool": [],
            "warm_pool_size": 0
          },
          "sensitive_attributes": [],
          "identity_schema_version": 0,
          "identity": {
            "account_id": "414444871239",
            "name": "frontend-asg",
            "region": "us-east-1"
          },
          "private": "eyJlMmJmYjczMC1lY2FhLTExZTYtOGY4OC0zNDM2M2JjN2M0YzAiOnsiZGVsZXRlIjo2MDAwMDAwMDAwMDAsInVwZGF0ZSI6NjAwMDAwMDAwMDAwfSwic2NoZW1hX3ZlcnNpb24iOiIxIn0=",
          "dependencies": [
            "module.compute.aws_launch_template.frontend",
            "module.compute.aws_lb_target_group.frontend_tg",
            "module.ecr.aws_ecr_repository.frontend",
            "module.network.aws_subnet.private_1",
            "module.network.aws_subnet.private_2",
            "module.network.aws_vpc.main",
            "module.network.data.aws_availability_zones.available",
            "module.security.aws_iam_instance_profile.ec2_profile",
            "module.security.aws_iam_role.ec2_role",
            "module.security.aws_security_group.alb_sg",
            "module.security.aws_security_group.frontend_sg"
          ]
        }
      ]
    },
    {
      "module": "module.compute",
      "mode": "managed",
      "type": "aws_launch_template",
      "name": "backend",
      "provider": "provider[\"registry.terraform.io/hashicorp/aws\"]",
      "instances": [
        {
          "schema_version": 1,
          "attributes": {
            "arn": "arn:aws:ec2:us-east-1:414444871239:launch-template/lt-0a7c3f2a7fd6bcde4",
            "block_device_mappings": [],
            "capacity_reservation_specification": [],
            "cpu_options": [],
            "credit_specification": [],
            "default_version": 1,
            "description": "",
            "disable_api_stop": false,
            "disable_api_termination": false,
            "ebs_optimized": "",
            "enclave_options": [],
            "hibernation_options": [],
            "iam_instance_profile": [
              {
                "arn": "",
                "name": "ec2-app-profile"
              }
            ],
            "id": "lt-0a7c3f2a7fd6bcde4",
            "image_id": "ami-0c02fb55956c7d316",
            "instance_initiated_shutdown_behavior": "",
            "instance_market_options": [],
            "instance_requirements": [],
            "instance_type": "t3.micro",
            "kernel_id": "",
            "key_name": "",
            "latest_version": 1,
            "license_specification": [],
            "maintenance_options": [],
            "metadata_options": [
              {
                "http_endpoint": "enabled",
                "http_protocol_ipv6": "",
                "http_put_response_hop_limit": 0,
                "http_tokens": "required",
                "instance_metadata_tags": ""
              }
            ],
            "monitoring": [],
            "name": "backend-955b67c6af5bb8fa689b3861c2",
            "name_prefix": "backend-",
            "network_interfaces": [],
            "network_performance_options": [],
            "placement": [],
            "private_dns_name_options": [],
            "ram_disk_id": "",
            "region": "us-east-1",
            "secondary_interfaces": [],
            "security_group_names": [],
            "tag_specifications": [],
            "tags": {},
            "tags_all": {},
            "update_default_version": null,
            "user_data": "IyEvYmluL2Jhc2gNCnNldCAtZXVvIHBpcGVmYWlsDQoNCmVjaG8gIkRCX0hPU1Q9ZG9jZGItY2x1c3Rlci5jbHVzdGVyLWNxeGtvMm0weTVkNi51cy1lYXN0LTEuZG9jZGIuYW1hem9uYXdzLmNvbSIgPj4gL2V0Yy9lbnZpcm9ubWVudA0KDQp5dW0gdXBkYXRlIC15DQp5dW0gaW5zdGFsbCAteSBkb2NrZXIgYXdzLWNsaQ0KDQpzeXN0ZW1jdGwgZW5hYmxlIGRvY2tlcg0Kc3lzdGVtY3RsIHN0YXJ0IGRvY2tlcg0KdXNlcm1vZCAtYUcgZG9ja2VyIGVjMi11c2VyDQoNClJFR0lPTj0idXMtZWFzdC0xIg0KUkVHSVNUUlk9IiQoZWNobyAiNDE0NDQ0ODcxMjM5LmRrci5lY3IudXMtZWFzdC0xLmFtYXpvbmF3cy5jb20vbWFyb21zdHJlYW0tYmFja2VuZCIgfCBjdXQgLWQnLycgLWYxKSINCg0KYXdzIGVjciBnZXQtbG9naW4tcGFzc3dvcmQgLS1yZWdpb24gIiRSRUdJT04iIFwNCiAgfCBkb2NrZXIgbG9naW4gLS11c2VybmFtZSBBV1MgLS1wYXNzd29yZC1zdGRpbiAiJFJFR0lTVFJZIg0KDQpkb2NrZXIgcHVsbCAiNDE0NDQ0ODcxMjM5LmRrci5lY3IudXMtZWFzdC0xLmFtYXpvbmF3cy5jb20vbWFyb21zdHJlYW0tYmFja2VuZDpiYWNrZW5kIg0KZG9ja2VyIHJ1biAtZCBcDQogIC0tbmFtZSBiYWNrZW5kIFwNCiAgLS1yZXN0YXJ0IGFsd2F5cyBcDQogIC1wIDgwODA6ODA4MCBcDQogIC1lIFBPUlQ9ODA4MCBcDQogIC1lIERCX0hPU1Q9ZG9jZGItY2x1c3Rlci5jbHVzdGVyLWNxeGtvMm0weTVkNi51cy1lYXN0LTEuZG9jZGIuYW1hem9uYXdzLmNvbSBcDQogICI0MTQ0NDQ4NzEyMzkuZGtyLmVjci51cy1lYXN0LTEuYW1hem9uYXdzLmNvbS9tYXJvbXN0cmVhbS1iYWNrZW5kOmJhY2tlbmQiDQo=",
            "vpc_security_group_ids": [
              "sg-005b9e0b58ca64b9d"
            ]
          },
          "sensitive_attributes": [],
          "identity_schema_version": 0,
          "identity": {
            "account_id": "414444871239",
            "id": "lt-0a7c3f2a7fd6bcde4",
            "region": "us-east-1"
          },
          "private": "eyJzY2hlbWFfdmVyc2lvbiI6IjEifQ==",
          "dependencies": [
            "module.data.aws_docdb_cluster.docdb",
            "module.data.aws_docdb_subnet_group.docdb_subnet_group",
            "module.data.aws_security_group.db_sg",
            "module.ecr.aws_ecr_repository.backend",
            "module.network.aws_subnet.private_1",
            "module.network.aws_subnet.private_2",
            "module.network.aws_vpc.main",
            "module.network.data.aws_availability_zones.available",
            "module.security.aws_iam_instance_profile.ec2_profile",
            "module.security.aws_iam_role.ec2_role",
            "module.security.aws_security_group.alb_sg",
            "module.security.aws_security_group.backend_sg",
            "module.security.aws_security_group.frontend_sg"
          ]
        }
      ]
    },
    {
      "module": "module.compute",
      "mode": "managed",
      "type": "aws_launch_template",
      "name": "frontend",
      "provider": "provider[\"registry.terraform.io/hashicorp/aws\"]",
      "instances": [
        {
          "schema_version": 1,
          "attributes": {
            "arn": "arn:aws:ec2:us-east-1:414444871239:launch-template/lt-01ccc307d856cda09",
            "block_device_mappings": [],
            "capacity_reservation_specification": [],
            "cpu_options": [],
            "credit_specification": [],
            "default_version": 1,
            "description": "",
            "disable_api_stop": false,
            "disable_api_termination": false,
            "ebs_optimized": "",
            "enclave_options": [],
            "hibernation_options": [],
            "iam_instance_profile": [
              {
                "arn": "",
                "name": "ec2-app-profile"
              }
            ],
            "id": "lt-01ccc307d856cda09",
            "image_id": "ami-0c02fb55956c7d316",
            "instance_initiated_shutdown_behavior": "",
            "instance_market_options": [],
            "instance_requirements": [],
            "instance_type": "t3.micro",
            "kernel_id": "",
            "key_name": "",
            "latest_version": 1,
            "license_specification": [],
            "maintenance_options": [],
            "metadata_options": [
              {
                "http_endpoint": "enabled",
                "http_protocol_ipv6": "",
                "http_put_response_hop_limit": 0,
                "http_tokens": "required",
                "instance_metadata_tags": ""
              }
            ],
            "monitoring": [],
            "name": "frontend-1bd3e30ba4255c173934a87d3f",
            "name_prefix": "frontend-",
            "network_interfaces": [],
            "network_performance_options": [],
            "placement": [],
            "private_dns_name_options": [],
            "ram_disk_id": "",
            "region": "us-east-1",
            "secondary_interfaces": [],
            "security_group_names": [],
            "tag_specifications": [],
            "tags": {},
            "tags_all": {},
            "update_default_version": null,
            "user_data": "IyEvYmluL2Jhc2gNCnNldCAtZXVvIHBpcGVmYWlsDQoNCnl1bSB1cGRhdGUgLXkNCnl1bSBpbnN0YWxsIC15IGRvY2tlciBhd3MtY2xpDQoNCnN5c3RlbWN0bCBlbmFibGUgZG9ja2VyDQpzeXN0ZW1jdGwgc3RhcnQgZG9ja2VyDQp1c2VybW9kIC1hRyBkb2NrZXIgZWMyLXVzZXINCg0KUkVHSU9OPSJ1cy1lYXN0LTEiDQpSRUdJU1RSWT0iJChlY2hvICI0MTQ0NDQ4NzEyMzkuZGtyLmVjci51cy1lYXN0LTEuYW1hem9uYXdzLmNvbS9tYXJvbXN0cmVhbS1mcm9udGVuZCIgfCBjdXQgLWQnLycgLWYxKSINCg0KYXdzIGVjciBnZXQtbG9naW4tcGFzc3dvcmQgLS1yZWdpb24gIiRSRUdJT04iIFwNCiAgfCBkb2NrZXIgbG9naW4gLS11c2VybmFtZSBBV1MgLS1wYXNzd29yZC1zdGRpbiAiJFJFR0lTVFJZIg0KDQpkb2NrZXIgcHVsbCAiNDE0NDQ0ODcxMjM5LmRrci5lY3IudXMtZWFzdC0xLmFtYXpvbmF3cy5jb20vbWFyb21zdHJlYW0tZnJvbnRlbmQ6ZnJvbnRlbmQiDQpkb2NrZXIgcnVuIC1kIFwNCiAgLS1uYW1lIGZyb250ZW5kIFwNCiAgLS1yZXN0YXJ0IGFsd2F5cyBcDQogIC1wIDgwOjgwIFwNCiAgIjQxNDQ0NDg3MTIzOS5ka3IuZWNyLnVzLWVhc3QtMS5hbWF6b25hd3MuY29tL21hcm9tc3RyZWFtLWZyb250ZW5kOmZyb250ZW5kIg0K",
            "vpc_security_group_ids": [
              "sg-0f3fd100698d6ad6b"
            ]
          },
          "sensitive_attributes": [],
          "identity_schema_version": 0,
          "identity": {
            "account_id": "414444871239",
            "id": "lt-01ccc307d856cda09",
            "region": "us-east-1"
          },
          "private": "eyJzY2hlbWFfdmVyc2lvbiI6IjEifQ==",
          "dependencies": [
            "module.ecr.aws_ecr_repository.frontend",
            "module.network.aws_vpc.main",
            "module.security.aws_iam_instance_profile.ec2_profile",
            "module.security.aws_iam_role.ec2_role",
            "module.security.aws_security_group.alb_sg",
            "module.security.aws_security_group.frontend_sg"
          ]
        }
      ]
    },
    {
      "module": "module.compute",
      "mode": "managed",
      "type": "aws_lb",
      "name": "app_alb",
      "provider": "provider[\"registry.terraform.io/hashicorp/aws\"]",
      "instances": [
        {
          "schema_version": 0,
          "attributes": {
            "access_logs": [
              {
                "bucket": "",
                "enabled": false,
                "prefix": ""
              }
            ],
            "arn": "arn:aws:elasticloadbalancing:us-east-1:414444871239:loadbalancer/app/app-e4834c44f0b269573e8ec60188/59e58b3cc853f8d8",
            "arn_suffix": "app/app-e4834c44f0b269573e8ec60188/59e58b3cc853f8d8",
            "client_keep_alive": 3600,
            "connection_logs": [
              {
                "bucket": "",
                "enabled": false,
                "prefix": ""
              }
            ],
            "customer_owned_ipv4_pool": "",
            "desync_mitigation_mode": "defensive",
            "dns_name": "app-e4834c44f0b269573e8ec60188-2058065105.us-east-1.elb.amazonaws.com",
            "dns_record_client_routing_policy": null,
            "drop_invalid_header_fields": true,
            "enable_cross_zone_load_balancing": true,
            "enable_deletion_protection": true,
            "enable_http2": true,
            "enable_prefix_for_ipv6_source_nat": "off",
            "enable_tls_version_and_cipher_suite_headers": false,
            "enable_waf_fail_open": false,
            "enable_xff_client_port": false,
            "enable_zonal_shift": false,
            "enforce_security_group_inbound_rules_on_private_link_traffic": "",
            "health_check_logs": [
              {
                "bucket": "",
                "enabled": false,
                "prefix": ""
              }
            ],
            "id": "arn:aws:elasticloadbalancing:us-east-1:414444871239:loadbalancer/app/app-e4834c44f0b269573e8ec60188/59e58b3cc853f8d8",
            "idle_timeout": 60,
            "internal": false,
            "ip_address_type": "ipv4",
            "ipam_pools": [],
            "load_balancer_type": "application",
            "minimum_load_balancer_capacity": [],
            "name": "app-e4834c44f0b269573e8ec60188",
            "name_prefix": "app-",
            "preserve_host_header": false,
            "region": "us-east-1",
            "secondary_ips_auto_assigned_per_subnet": null,
            "security_groups": [
              "sg-01a98d1e32d5a11d1"
            ],
            "subnet_mapping": [
              {
                "allocation_id": "",
                "ipv6_address": "",
                "outpost_id": "",
                "private_ipv4_address": "",
                "subnet_id": "subnet-082031211ef5c2f03"
              },
              {
                "allocation_id": "",
                "ipv6_address": "",
                "outpost_id": "",
                "private_ipv4_address": "",
                "subnet_id": "subnet-0a0b533e07b283dde"
              }
            ],
            "subnets": [
              "subnet-082031211ef5c2f03",
              "subnet-0a0b533e07b283dde"
            ],
            "tags": {},
            "tags_all": {},
            "timeouts": null,
            "vpc_id": "vpc-0bdf773c0f2b863d0",
            "xff_header_processing_mode": "append",
            "zone_id": "Z35SXDOTRQ7X7K"
          },
          "sensitive_attributes": [],
          "identity_schema_version": 0,
          "identity": {
            "arn": "arn:aws:elasticloadbalancing:us-east-1:414444871239:loadbalancer/app/app-e4834c44f0b269573e8ec60188/59e58b3cc853f8d8"
          },
          "private": "eyJlMmJmYjczMC1lY2FhLTExZTYtOGY4OC0zNDM2M2JjN2M0YzAiOnsiY3JlYXRlIjo2MDAwMDAwMDAwMDAsImRlbGV0ZSI6NjAwMDAwMDAwMDAwLCJ1cGRhdGUiOjYwMDAwMDAwMDAwMH19",
          "dependencies": [
            "module.network.aws_subnet.public_1",
            "module.network.aws_subnet.public_2",
            "module.network.aws_vpc.main",
            "module.network.data.aws_availability_zones.available",
            "module.security.aws_security_group.alb_sg"
          ]
        }
      ]
    },
    {
      "module": "module.compute",
      "mode": "managed",
      "type": "aws_lb_listener",
      "name": "http",
      "provider": "provider[\"registry.terraform.io/hashicorp/aws\"]",
      "instances": [
        {
          "schema_version": 0,
          "attributes": {
            "alpn_policy": null,
            "arn": "arn:aws:elasticloadbalancing:us-east-1:414444871239:listener/app/app-e4834c44f0b269573e8ec60188/59e58b3cc853f8d8/6f4836cb7912b142",
            "certificate_arn": null,
            "default_action": [
              {
                "authenticate_cognito": [],
                "authenticate_oidc": [],
                "fixed_response": [],
                "forward": [],
                "jwt_validation": [],
                "order": 1,
                "redirect": [
                  {
                    "host": "#{host}",
                    "path": "/#{path}",
                    "port": "443",
                    "protocol": "HTTPS",
                    "query": "#{query}",
                    "status_code": "HTTP_301"
                  }
                ],
                "target_group_arn": "",
                "type": "redirect"
              }
            ],
            "id": "arn:aws:elasticloadbalancing:us-east-1:414444871239:listener/app/app-e4834c44f0b269573e8ec60188/59e58b3cc853f8d8/6f4836cb7912b142",
            "load_balancer_arn": "arn:aws:elasticloadbalancing:us-east-1:414444871239:loadbalancer/app/app-e4834c44f0b269573e8ec60188/59e58b3cc853f8d8",
            "mutual_authentication": [],
            "port": 80,
            "protocol": "HTTP",
            "region": "us-east-1",
            "routing_http_request_x_amzn_mtls_clientcert_header_name": null,
            "routing_http_request_x_amzn_mtls_clientcert_issuer_header_name": null,
            "routing_http_request_x_amzn_mtls_clientcert_leaf_header_name": null,
            "routing_http_request_x_amzn_mtls_clientcert_serial_number_header_name": null,
            "routing_http_request_x_amzn_mtls_clientcert_subject_header_name": null,
            "routing_http_request_x_amzn_mtls_clientcert_validity_header_name": null,
            "routing_http_request_x_amzn_tls_cipher_suite_header_name": null,
            "routing_http_request_x_amzn_tls_version_header_name": null,
            "routing_http_response_access_control_allow_credentials_header_value": "",
            "routing_http_response_access_control_allow_headers_header_value": "",
            "routing_http_response_access_control_allow_methods_header_value": "",
            "routing_http_response_access_control_allow_origin_header_value": "",
            "routing_http_response_access_control_expose_headers_header_value": "",
            "routing_http_response_access_control_max_age_header_value": "",
            "routing_http_response_content_security_policy_header_value": "",
            "routing_http_response_server_enabled": true,
            "routing_http_response_strict_transport_security_header_value": "",
            "routing_http_response_x_content_type_options_header_value": "",
            "routing_http_response_x_frame_options_header_value": "",
            "ssl_policy": "",
            "tags": {},
            "tags_all": {},
            "tcp_idle_timeout_seconds": null,
            "timeouts": null
          },
          "sensitive_attributes": [],
          "identity_schema_version": 0,
          "identity": {
            "arn": "arn:aws:elasticloadbalancing:us-east-1:414444871239:listener/app/app-e4834c44f0b269573e8ec60188/59e58b3cc853f8d8/6f4836cb7912b142"
          },
          "private": "eyJlMmJmYjczMC1lY2FhLTExZTYtOGY4OC0zNDM2M2JjN2M0YzAiOnsiY3JlYXRlIjozMDAwMDAwMDAwMDAsInVwZGF0ZSI6MzAwMDAwMDAwMDAwfX0=",
          "dependencies": [
            "module.compute.aws_lb.app_alb",
            "module.network.aws_subnet.public_1",
            "module.network.aws_subnet.public_2",
            "module.network.aws_vpc.main",
            "module.network.data.aws_availability_zones.available",
            "module.security.aws_security_group.alb_sg"
          ]
        }
      ]
    },
    {
      "module": "module.compute",
      "mode": "managed",
      "type": "aws_lb_listener",
      "name": "https",
      "provider": "provider[\"registry.terraform.io/hashicorp/aws\"]",
      "instances": [
        {
          "schema_version": 0,
          "attributes": {
            "alpn_policy": null,
            "arn": "arn:aws:elasticloadbalancing:us-east-1:414444871239:listener/app/app-e4834c44f0b269573e8ec60188/59e58b3cc853f8d8/08821d33aaaf33ad",
            "certificate_arn": "arn:aws:acm:us-east-1:414444871239:certificate/38e2553e-f6e7-4bef-a68d-bf1a1510599f",
            "default_action": [
              {
                "authenticate_cognito": [],
                "authenticate_oidc": [],
                "fixed_response": [],
                "forward": [],
                "jwt_validation": [],
                "order": 1,
                "redirect": [],
                "target_group_arn": "arn:aws:elasticloadbalancing:us-east-1:414444871239:targetgroup/app-tg/08aec60ba715c7e3",
                "type": "forward"
              }
            ],
            "id": "arn:aws:elasticloadbalancing:us-east-1:414444871239:listener/app/app-e4834c44f0b269573e8ec60188/59e58b3cc853f8d8/08821d33aaaf33ad",
            "load_balancer_arn": "arn:aws:elasticloadbalancing:us-east-1:414444871239:loadbalancer/app/app-e4834c44f0b269573e8ec60188/59e58b3cc853f8d8",
            "mutual_authentication": [
              {
                "advertise_trust_store_ca_names": "",
                "ignore_client_certificate_expiry": false,
                "mode": "off",
                "trust_store_arn": ""
              }
            ],
            "port": 443,
            "protocol": "HTTPS",
            "region": "us-east-1",
            "routing_http_request_x_amzn_mtls_clientcert_header_name": "",
            "routing_http_request_x_amzn_mtls_clientcert_issuer_header_name": "",
            "routing_http_request_x_amzn_mtls_clientcert_leaf_header_name": "",
            "routing_http_request_x_amzn_mtls_clientcert_serial_number_header_name": "",
            "routing_http_request_x_amzn_mtls_clientcert_subject_header_name": "",
            "routing_http_request_x_amzn_mtls_clientcert_validity_header_name": "",
            "routing_http_request_x_amzn_tls_cipher_suite_header_name": "",
            "routing_http_request_x_amzn_tls_version_header_name": "",
            "routing_http_response_access_control_allow_credentials_header_value": "",
            "routing_http_response_access_control_allow_headers_header_value": "",
            "routing_http_response_access_control_allow_methods_header_value": "",
            "routing_http_response_access_control_allow_origin_header_value": "",
            "routing_http_response_access_control_expose_headers_header_value": "",
            "routing_http_response_access_control_max_age_header_value": "",
            "routing_http_response_content_security_policy_header_value": "",
            "routing_http_response_server_enabled": true,
            "routing_http_response_strict_transport_security_header_value": "",
            "routing_http_response_x_content_type_options_header_value": "",
            "routing_http_response_x_frame_options_header_value": "",
            "ssl_policy": "ELBSecurityPolicy-TLS13-1-2-2021-06",
            "tags": {},
            "tags_all": {},
            "tcp_idle_timeout_seconds": null,
            "timeouts": null
          },
          "sensitive_attributes": [],
          "identity_schema_version": 0,
          "identity": {
            "arn": "arn:aws:elasticloadbalancing:us-east-1:414444871239:listener/app/app-e4834c44f0b269573e8ec60188/59e58b3cc853f8d8/08821d33aaaf33ad"
          },
          "private": "eyJlMmJmYjczMC1lY2FhLTExZTYtOGY4OC0zNDM2M2JjN2M0YzAiOnsiY3JlYXRlIjozMDAwMDAwMDAwMDAsInVwZGF0ZSI6MzAwMDAwMDAwMDAwfX0=",
          "dependencies": [
            "module.compute.aws_lb.app_alb",
            "module.compute.aws_lb_target_group.app_tg",
            "module.network.aws_subnet.public_1",
            "module.network.aws_subnet.public_2",
            "module.network.aws_vpc.main",
            "module.network.data.aws_availability_zones.available",
            "module.security.aws_security_group.alb_sg"
          ]
        }
      ]
    },
    {
      "module": "module.compute",
      "mode": "managed",
      "type": "aws_lb_listener_rule",
      "name": "frontend",
      "provider": "provider[\"registry.terraform.io/hashicorp/aws\"]",
      "instances": [
        {
          "schema_version": 0,
          "attributes": {
            "action": [
              {
                "authenticate_cognito": [],
                "authenticate_oidc": [],
                "fixed_response": [],
                "forward": [],
                "jwt_validation": [],
                "order": 1,
                "redirect": [],
                "target_group_arn": "arn:aws:elasticloadbalancing:us-east-1:414444871239:targetgroup/frontend-tg/baf42712cdc5305c",
                "type": "forward"
              }
            ],
            "arn": "arn:aws:elasticloadbalancing:us-east-1:414444871239:listener-rule/app/app-e4834c44f0b269573e8ec60188/59e58b3cc853f8d8/08821d33aaaf33ad/d05331f76f4476b4",
            "condition": [
              {
                "host_header": [],
                "http_header": [],
                "http_request_method": [],
                "path_pattern": [
                  {
                    "regex_values": [],
                    "values": [
                      "/*"
                    ]
                  }
                ],
                "query_string": [],
                "source_ip": []
              }
            ],
            "id": "arn:aws:elasticloadbalancing:us-east-1:414444871239:listener-rule/app/app-e4834c44f0b269573e8ec60188/59e58b3cc853f8d8/08821d33aaaf33ad/d05331f76f4476b4",
            "listener_arn": "arn:aws:elasticloadbalancing:us-east-1:414444871239:listener/app/app-e4834c44f0b269573e8ec60188/59e58b3cc853f8d8/08821d33aaaf33ad",
            "priority": 100,
            "region": "us-east-1",
            "tags": {},
            "tags_all": {},
            "transform": []
          },
          "sensitive_attributes": [],
          "identity_schema_version": 0,
          "identity": {
            "arn": "arn:aws:elasticloadbalancing:us-east-1:414444871239:listener-rule/app/app-e4834c44f0b269573e8ec60188/59e58b3cc853f8d8/08821d33aaaf33ad/d05331f76f4476b4"
          },
          "private": "bnVsbA==",
          "dependencies": [
            "module.compute.aws_lb.app_alb",
            "module.compute.aws_lb_listener.https",
            "module.compute.aws_lb_target_group.app_tg",
            "module.compute.aws_lb_target_group.frontend_tg",
            "module.network.aws_subnet.public_1",
            "module.network.aws_subnet.public_2",
            "module.network.aws_vpc.main",
            "module.network.data.aws_availability_zones.available",
            "module.security.aws_security_group.alb_sg"
          ]
        }
      ]
    },
    {
      "module": "module.compute",
      "mode": "managed",
      "type": "aws_lb_target_group",
      "name": "app_tg",
      "provider": "provider[\"registry.terraform.io/hashicorp/aws\"]",
      "instances": [
        {
          "schema_version": 0,
          "attributes": {
            "arn": "arn:aws:elasticloadbalancing:us-east-1:414444871239:targetgroup/app-tg/08aec60ba715c7e3",
            "arn_suffix": "targetgroup/app-tg/08aec60ba715c7e3",
            "connection_termination": null,
            "deregistration_delay": "300",
            "health_check": [
              {
                "enabled": true,
                "healthy_threshold": 2,
                "interval": 30,
                "matcher": "200",
                "path": "/hello",
                "port": "traffic-port",
                "protocol": "HTTP",
                "timeout": 5,
                "unhealthy_threshold": 2
              }
            ],
            "id": "arn:aws:elasticloadbalancing:us-east-1:414444871239:targetgroup/app-tg/08aec60ba715c7e3",
            "ip_address_type": "ipv4",
            "lambda_multi_value_headers_enabled": false,
            "load_balancer_arns": [
              "arn:aws:elasticloadbalancing:us-east-1:414444871239:loadbalancer/app/app-e4834c44f0b269573e8ec60188/59e58b3cc853f8d8"
            ],
            "load_balancing_algorithm_type": "round_robin",
            "load_balancing_anomaly_mitigation": "off",
            "load_balancing_cross_zone_enabled": "use_load_balancer_configuration",
            "name": "app-tg",
            "name_prefix": "",
            "port": 8080,
            "preserve_client_ip": null,
            "protocol": "HTTP",
            "protocol_version": "HTTP1",
            "proxy_protocol_v2": false,
            "region": "us-east-1",
            "slow_start": 0,
            "stickiness": [
              {
                "cookie_duration": 86400,
                "cookie_name": "",
                "enabled": false,
                "type": "lb_cookie"
              }
            ],
            "tags": {},
            "tags_all": {},
            "target_control_port": 0,
            "target_failover": [
              {
                "on_deregistration": null,
                "on_unhealthy": null
              }
            ],
            "target_group_health": [
              {
                "dns_failover": [
                  {
                    "minimum_healthy_targets_count": "1",
                    "minimum_healthy_targets_percentage": "off"
                  }
                ],
                "unhealthy_state_routing": [
                  {
                    "minimum_healthy_targets_count": 1,
                    "minimum_healthy_targets_percentage": "off"
                  }
                ]
              }
            ],
            "target_health_state": [
              {
                "enable_unhealthy_connection_termination": null,
                "unhealthy_draining_interval": null
              }
            ],
            "target_type": "instance",
            "vpc_id": "vpc-0bdf773c0f2b863d0"
          },
          "sensitive_attributes": [],
          "identity_schema_version": 0,
          "identity": {
            "arn": "arn:aws:elasticloadbalancing:us-east-1:414444871239:targetgroup/app-tg/08aec60ba715c7e3"
          },
          "private": "bnVsbA==",
          "dependencies": [
            "module.network.aws_vpc.main"
          ]
        }
      ]
    },
    {
      "module": "module.compute",
      "mode": "managed",
      "type": "aws_lb_target_group",
      "name": "frontend_tg",
      "provider": "provider[\"registry.terraform.io/hashicorp/aws\"]",
      "instances": [
        {
          "schema_version": 0,
          "attributes": {
            "arn": "arn:aws:elasticloadbalancing:us-east-1:414444871239:targetgroup/frontend-tg/baf42712cdc5305c",
            "arn_suffix": "targetgroup/frontend-tg/baf42712cdc5305c",
            "connection_termination": null,
            "deregistration_delay": "300",
            "health_check": [
              {
                "enabled": true,
                "healthy_threshold": 3,
                "interval": 30,
                "matcher": "200",
                "path": "/",
                "port": "traffic-port",
                "protocol": "HTTP",
                "timeout": 5,
                "unhealthy_threshold": 3
              }
            ],
            "id": "arn:aws:elasticloadbalancing:us-east-1:414444871239:targetgroup/frontend-tg/baf42712cdc5305c",
            "ip_address_type": "ipv4",
            "lambda_multi_value_headers_enabled": false,
            "load_balancer_arns": [
              "arn:aws:elasticloadbalancing:us-east-1:414444871239:loadbalancer/app/app-e4834c44f0b269573e8ec60188/59e58b3cc853f8d8"
            ],
            "load_balancing_algorithm_type": "round_robin",
            "load_balancing_anomaly_mitigation": "off",
            "load_balancing_cross_zone_enabled": "use_load_balancer_configuration",
            "name": "frontend-tg",
            "name_prefix": "",
            "port": 80,
            "preserve_client_ip": null,
            "protocol": "HTTP",
            "protocol_version": "HTTP1",
            "proxy_protocol_v2": false,
            "region": "us-east-1",
            "slow_start": 0,
            "stickiness": [
              {
                "cookie_duration": 86400,
                "cookie_name": "",
                "enabled": false,
                "type": "lb_cookie"
              }
            ],
            "tags": {},
            "tags_all": {},
            "target_control_port": 0,
            "target_failover": [
              {
                "on_deregistration": null,
                "on_unhealthy": null
              }
            ],
            "target_group_health": [
              {
                "dns_failover": [
                  {
                    "minimum_healthy_targets_count": "1",
                    "minimum_healthy_targets_percentage": "off"
                  }
                ],
                "unhealthy_state_routing": [
                  {
                    "minimum_healthy_targets_count": 1,
                    "minimum_healthy_targets_percentage": "off"
                  }
                ]
              }
            ],
            "target_health_state": [
              {
                "enable_unhealthy_connection_termination": null,
                "unhealthy_draining_interval": null
              }
            ],
            "target_type": "instance",
            "vpc_id": "vpc-0bdf773c0f2b863d0"
          },
          "sensitive_attributes": [],
          "identity_schema_version": 0,
          "identity": {
            "arn": "arn:aws:elasticloadbalancing:us-east-1:414444871239:targetgroup/frontend-tg/baf42712cdc5305c"
          },
          "private": "bnVsbA==",
          "dependencies": [
            "module.network.aws_vpc.main"
          ]
        }
      ]
    },
    {
      "module": "module.compute",
      "mode": "managed",
      "type": "aws_route53_record",
      "name": "frontend_alias",
      "provider": "provider[\"registry.terraform.io/hashicorp/aws\"]",
      "instances": [
        {
          "schema_version": 2,
          "attributes": {
            "alias": [
              {
                "evaluate_target_health": true,
                "name": "app-e4834c44f0b269573e8ec60188-2058065105.us-east-1.elb.amazonaws.com",
                "zone_id": "Z35SXDOTRQ7X7K"
              }
            ],
            "allow_overwrite": null,
            "cidr_routing_policy": [],
            "failover_routing_policy": [],
            "fqdn": "marom-magic.click",
            "geolocation_routing_policy": [],
            "geoproximity_routing_policy": [],
            "health_check_id": "",
            "id": "Z03661675MKDKZAJ8CUT_marom-magic.click_A",
            "latency_routing_policy": [],
            "multivalue_answer_routing_policy": false,
            "name": "marom-magic.click",
            "records": [],
            "set_identifier": "",
            "timeouts": null,
            "ttl": 0,
            "type": "A",
            "weighted_routing_policy": [],
            "zone_id": "Z03661675MKDKZAJ8CUT"
          },
          "sensitive_attributes": [],
          "identity_schema_version": 0,
          "identity": {
            "account_id": "414444871239",
            "name": "marom-magic.click",
            "set_identifier": null,
            "type": "A",
            "zone_id": "Z03661675MKDKZAJ8CUT"
          },
          "private": "eyJlMmJmYjczMC1lY2FhLTExZTYtOGY4OC0zNDM2M2JjN2M0YzAiOnsiY3JlYXRlIjoxODAwMDAwMDAwMDAwLCJkZWxldGUiOjE4MDAwMDAwMDAwMDAsInVwZGF0ZSI6MTgwMDAwMDAwMDAwMH0sInNjaGVtYV92ZXJzaW9uIjoiMiJ9",
          "dependencies": [
            "module.compute.aws_lb.app_alb",
            "module.compute.data.aws_route53_zone.selected",
            "module.network.aws_subnet.public_1",
            "module.network.aws_subnet.public_2",
            "module.network.aws_vpc.main",
            "module.network.data.aws_availability_zones.available",
            "module.security.aws_security_group.alb_sg"
          ]
        }
      ]
    },
    {
      "module": "module.data",
      "mode": "managed",
      "type": "aws_docdb_cluster",
      "name": "docdb",
      "provider": "provider[\"registry.terraform.io/hashicorp/aws\"]",
      "instances": [
        {
          "schema_version": 0,
          "attributes": {
            "allow_major_version_upgrade": null,
            "apply_immediately": null,
            "arn": "arn:aws:rds:us-east-1:414444871239:cluster:docdb-cluster",
            "availability_zones": [
              "us-east-1a",
              "us-east-1b",
              "us-east-1d"
            ],
            "backup_retention_period": 1,
            "cluster_identifier": "docdb-cluster",
            "cluster_identifier_prefix": "",
            "cluster_members": [
              "docdb-instance"
            ],
            "cluster_resource_id": "cluster-MQIJDGG5ZJXPZZSXTELNODDXVU",
            "db_cluster_parameter_group_name": "default.docdb5.0",
            "db_subnet_group_name": "docdb-subnet-group",
            "deletion_protection": false,
            "enabled_cloudwatch_logs_exports": [],
            "endpoint": "docdb-cluster.cluster-cqxko2m0y5d6.us-east-1.docdb.amazonaws.com",
            "engine": "docdb",
            "engine_version": "5.0.0",
            "final_snapshot_identifier": null,
            "global_cluster_identifier": "",
            "hosted_zone_id": "ZNKXH85TT8WVW",
            "id": "docdb-cluster",
            "kms_key_id": "arn:aws:kms:us-east-1:414444871239:key/1acc0d7e-1cb3-468f-8f31-8d5b8ce10ce7",
            "manage_master_user_password": null,
            "master_password": "MaromSecret123!",
            "master_password_wo": null,
            "master_password_wo_version": null,
            "master_user_secret": [],
            "master_username": "marom",
            "network_type": "IPV4",
            "port": 27017,
            "preferred_backup_window": "07:00-09:00",
            "preferred_maintenance_window": "wed:04:51-wed:05:21",
            "reader_endpoint": "docdb-cluster.cluster-ro-cqxko2m0y5d6.us-east-1.docdb.amazonaws.com",
            "region": "us-east-1",
            "restore_to_point_in_time": [],
            "serverless_v2_scaling_configuration": [],
            "skip_final_snapshot": true,
            "snapshot_identifier": null,
            "storage_encrypted": true,
            "storage_type": "",
            "tags": {},
            "tags_all": {},
            "timeouts": null,
            "vpc_security_group_ids": [
              "sg-06203bffa66c40a17"
            ]
          },
          "sensitive_attributes": [
            [
              {
                "type": "get_attr",
                "value": "master_password"
              }
            ]
          ],
          "identity_schema_version": 0,
          "private": "eyJlMmJmYjczMC1lY2FhLTExZTYtOGY4OC0zNDM2M2JjN2M0YzAiOnsiY3JlYXRlIjo3MjAwMDAwMDAwMDAwLCJkZWxldGUiOjcyMDAwMDAwMDAwMDAsInVwZGF0ZSI6NzIwMDAwMDAwMDAwMH19",
          "dependencies": [
            "module.data.aws_docdb_subnet_group.docdb_subnet_group",
            "module.data.aws_security_group.db_sg",
            "module.network.aws_subnet.private_1",
            "module.network.aws_subnet.private_2",
            "module.network.aws_vpc.main",
            "module.network.data.aws_availability_zones.available",
            "module.security.aws_security_group.alb_sg",
            "module.security.aws_security_group.backend_sg",
            "module.security.aws_security_group.frontend_sg"
          ]
        }
      ]
    },
    {
      "module": "module.data",
      "mode": "managed",
      "type": "aws_docdb_cluster_instance",
      "name": "docdb_instance",
      "provider": "provider[\"registry.terraform.io/hashicorp/aws\"]",
      "instances": [
        {
          "schema_version": 0,
          "attributes": {
            "apply_immediately": null,
            "arn": "arn:aws:rds:us-east-1:414444871239:db:docdb-instance",
            "auto_minor_version_upgrade": true,
            "availability_zone": "us-east-1b",
            "ca_cert_identifier": "rds-ca-rsa2048-g1",
            "certificate_rotation_restart": null,
            "cluster_identifier": "docdb-cluster",
            "copy_tags_to_snapshot": false,
            "db_subnet_group_name": "docdb-subnet-group",
            "dbi_resource_id": "db-UQVQHIHOWXSMAKDKOILGTE5DLY",
            "enable_performance_insights": null,
            "endpoint": "docdb-instance.cqxko2m0y5d6.us-east-1.docdb.amazonaws.com",
            "engine": "docdb",
            "engine_version": "5.0.0",
            "id": "docdb-instance",
            "identifier": "docdb-instance",
            "identifier_prefix": "",
            "instance_class": "db.t3.medium",
            "kms_key_id": "arn:aws:kms:us-east-1:414444871239:key/1acc0d7e-1cb3-468f-8f31-8d5b8ce10ce7",
            "performance_insights_kms_key_id": null,
            "port": 27017,
            "preferred_backup_window": "07:00-09:00",
            "preferred_maintenance_window": "fri:09:22-fri:09:52",
            "promotion_tier": 0,
            "publicly_accessible": false,
            "region": "us-east-1",
            "storage_encrypted": true,
            "tags": {},
            "tags_all": {},
            "timeouts": null,
            "writer": true
          },
          "sensitive_attributes": [],
          "identity_schema_version": 0,
          "private": "eyJlMmJmYjczMC1lY2FhLTExZTYtOGY4OC0zNDM2M2JjN2M0YzAiOnsiY3JlYXRlIjo1NDAwMDAwMDAwMDAwLCJkZWxldGUiOjU0MDAwMDAwMDAwMDAsInVwZGF0ZSI6NTQwMDAwMDAwMDAwMH19",
          "dependencies": [
            "module.data.aws_docdb_cluster.docdb",
            "module.data.aws_docdb_subnet_group.docdb_subnet_group",
            "module.data.aws_security_group.db_sg",
            "module.network.aws_subnet.private_1",
            "module.network.aws_subnet.private_2",
            "module.network.aws_vpc.main",
            "module.network.data.aws_availability_zones.available",
            "module.security.aws_security_group.alb_sg",
            "module.security.aws_security_group.backend_sg",
            "module.security.aws_security_group.frontend_sg"
          ]
        }
      ]
    },
    {
      "module": "module.data",
      "mode": "managed",
      "type": "aws_docdb_subnet_group",
      "name": "docdb_subnet_group",
      "provider": "provider[\"registry.terraform.io/hashicorp/aws\"]",
      "instances": [
        {
          "schema_version": 0,
          "attributes": {
            "arn": "arn:aws:rds:us-east-1:414444871239:subgrp:docdb-subnet-group",
            "description": "Managed by Terraform",
            "id": "docdb-subnet-group",
            "name": "docdb-subnet-group",
            "name_prefix": "",
            "region": "us-east-1",
            "subnet_ids": [
              "subnet-02c974e7382994ad1",
              "subnet-0b7d54d209c6a9bb8"
            ],
            "supported_network_types": [
              "IPV4"
            ],
            "tags": {},
            "tags_all": {}
          },
          "sensitive_attributes": [],
          "identity_schema_version": 0,
          "private": "bnVsbA==",
          "dependencies": [
            "module.network.aws_subnet.private_1",
            "module.network.aws_subnet.private_2",
            "module.network.aws_vpc.main",
            "module.network.data.aws_availability_zones.available"
          ]
        }
      ]
    },
    {
      "module": "module.data",
      "mode": "managed",
      "type": "aws_kms_key",
      "name": "s3_key",
      "provider": "provider[\"registry.terraform.io/hashicorp/aws\"]",
      "instances": [
        {
          "schema_version": 0,
          "attributes": {
            "arn": "arn:aws:kms:us-east-1:414444871239:key/58395c47-d9fc-427b-a6b8-f801bb7a2278",
            "bypass_policy_lockout_safety_check": false,
            "custom_key_store_id": "",
            "customer_master_key_spec": "SYMMETRIC_DEFAULT",
            "deletion_window_in_days": 30,
            "description": "KMS key for S3 bucket encryption",
            "enable_key_rotation": true,
            "id": "58395c47-d9fc-427b-a6b8-f801bb7a2278",
            "is_enabled": true,
            "key_id": "58395c47-d9fc-427b-a6b8-f801bb7a2278",
            "key_usage": "ENCRYPT_DECRYPT",
            "multi_region": false,
            "policy": "{\"Id\":\"key-default-1\",\"Statement\":[{\"Action\":\"kms:*\",\"Effect\":\"Allow\",\"Principal\":{\"AWS\":\"arn:aws:iam::414444871239:root\"},\"Resource\":\"*\",\"Sid\":\"Enable IAM User Permissions\"}],\"Version\":\"2012-10-17\"}",
            "region": "us-east-1",
            "rotation_period_in_days": 365,
            "tags": {
              "Name": "s3-encryption-key"
            },
            "tags_all": {
              "Name": "s3-encryption-key"
            },
            "timeouts": null,
            "xks_key_id": ""
          },
          "sensitive_attributes": [],
          "identity_schema_version": 0,
          "identity": {
            "account_id": "414444871239",
            "id": "58395c47-d9fc-427b-a6b8-f801bb7a2278",
            "region": "us-east-1"
          },
          "private": "eyJlMmJmYjczMC1lY2FhLTExZTYtOGY4OC0zNDM2M2JjN2M0YzAiOnsiY3JlYXRlIjoxMjAwMDAwMDAwMDB9fQ=="
        }
      ]
    },
    {
      "module": "module.data",
      "mode": "managed",
      "type": "aws_s3_bucket",
      "name": "app_bucket",
      "provider": "provider[\"registry.terraform.io/hashicorp/aws\"]",
      "instances": [
        {
          "schema_version": 0,
          "attributes": {
            "acceleration_status": "",
            "acl": null,
            "arn": "arn:aws:s3:::marom-stream-042b671a",
            "bucket": "marom-stream-042b671a",
            "bucket_domain_name": "marom-stream-042b671a.s3.amazonaws.com",
            "bucket_namespace": "global",
            "bucket_prefix": "",
            "bucket_region": "us-east-1",
            "bucket_regional_domain_name": "marom-stream-042b671a.s3.us-east-1.amazonaws.com",
            "cors_rule": [],
            "force_destroy": false,
            "grant": [
              {
                "id": "2bc2e1bcd8103aa7e0c6811e5896be87b6d435a06f1f69fe35672db59e07bc8f",
                "permissions": [
                  "FULL_CONTROL"
                ],
                "type": "CanonicalUser",
                "uri": ""
              }
            ],
            "hosted_zone_id": "Z3AQBSTGFYJSTF",
            "id": "marom-stream-042b671a",
            "lifecycle_rule": [
              {
                "abort_incomplete_multipart_upload_days": 0,
                "enabled": true,
                "expiration": [],
                "id": "move-to-cold",
                "noncurrent_version_expiration": [],
                "noncurrent_version_transition": [],
                "prefix": "",
                "tags": {},
                "transition": [
                  {
                    "date": "",
                    "days": 30,
                    "storage_class": "STANDARD_IA"
                  },
                  {
                    "date": "",
                    "days": 90,
                    "storage_class": "GLACIER"
                  }
                ]
              }
            ],
            "logging": [],
            "object_lock_configuration": [],
            "object_lock_enabled": false,
            "policy": "",
            "region": "us-east-1",
            "replication_configuration": [],
            "request_payer": "BucketOwner",
            "server_side_encryption_configuration": [
              {
                "rule": [
                  {
                    "apply_server_side_encryption_by_default": [
                      {
                        "kms_master_key_id": "arn:aws:kms:us-east-1:414444871239:key/58395c47-d9fc-427b-a6b8-f801bb7a2278",
                        "sse_algorithm": "aws:kms"
                      }
                    ],
                    "bucket_key_enabled": false
                  }
                ]
              }
            ],
            "tags": {},
            "tags_all": {},
            "timeouts": null,
            "versioning": [
              {
                "enabled": true,
                "mfa_delete": false
              }
            ],
            "website": [],
            "website_domain": null,
            "website_endpoint": null
          },
          "sensitive_attributes": [],
          "identity_schema_version": 0,
          "identity": {
            "account_id": "414444871239",
            "bucket": "marom-stream-042b671a",
            "region": "us-east-1"
          },
          "private": "eyJlMmJmYjczMC1lY2FhLTExZTYtOGY4OC0zNDM2M2JjN2M0YzAiOnsiY3JlYXRlIjoxMjAwMDAwMDAwMDAwLCJkZWxldGUiOjM2MDAwMDAwMDAwMDAsInJlYWQiOjEyMDAwMDAwMDAwMDAsInVwZGF0ZSI6MTIwMDAwMDAwMDAwMH19",
          "dependencies": [
            "module.data.random_id.suffix"
          ]
        }
      ]
    },
    {
      "module": "module.data",
      "mode": "managed",
      "type": "aws_s3_bucket_lifecycle_configuration",
      "name": "lifecycle",
      "provider": "provider[\"registry.terraform.io/hashicorp/aws\"]",
      "instances": [
        {
          "schema_version": 1,
          "attributes": {
            "bucket": "marom-stream-042b671a",
            "expected_bucket_owner": "",
            "id": "marom-stream-042b671a",
            "region": "us-east-1",
            "rule": [
              {
                "abort_incomplete_multipart_upload": [],
                "expiration": [],
                "filter": [],
                "id": "move-to-cold",
                "noncurrent_version_expiration": [],
                "noncurrent_version_transition": [],
                "prefix": "",
                "status": "Enabled",
                "transition": [
                  {
                    "date": null,
                    "days": 30,
                    "storage_class": "STANDARD_IA"
                  },
                  {
                    "date": null,
                    "days": 90,
                    "storage_class": "GLACIER"
                  }
                ]
              }
            ],
            "timeouts": null,
            "transition_default_minimum_object_size": "all_storage_classes_128K"
          },
          "sensitive_attributes": [],
          "identity_schema_version": 0,
          "identity": {
            "account_id": "414444871239",
            "bucket": "marom-stream-042b671a",
            "region": "us-east-1"
          },
          "dependencies": [
            "module.data.aws_s3_bucket.app_bucket",
            "module.data.random_id.suffix"
          ]
        }
      ]
    },
    {
      "module": "module.data",
      "mode": "managed",
      "type": "aws_s3_bucket_public_access_block",
      "name": "block",
      "provider": "provider[\"registry.terraform.io/hashicorp/aws\"]",
      "instances": [
        {
          "schema_version": 0,
          "attributes": {
            "block_public_acls": true,
            "block_public_policy": true,
            "bucket": "marom-stream-042b671a",
            "id": "marom-stream-042b671a",
            "ignore_public_acls": true,
            "region": "us-east-1",
            "restrict_public_buckets": true,
            "skip_destroy": null
          },
          "sensitive_attributes": [],
          "identity_schema_version": 0,
          "identity": {
            "account_id": "414444871239",
            "bucket": "marom-stream-042b671a",
            "region": "us-east-1"
          },
          "private": "bnVsbA==",
          "dependencies": [
            "module.data.aws_s3_bucket.app_bucket",
            "module.data.random_id.suffix"
          ]
        }
      ]
    },
    {
      "module": "module.data",
      "mode": "managed",
      "type": "aws_s3_bucket_server_side_encryption_configuration",
      "name": "app_bucket",
      "provider": "provider[\"registry.terraform.io/hashicorp/aws\"]",
      "instances": [
        {
          "schema_version": 0,
          "attributes": {
            "bucket": "marom-stream-042b671a",
            "expected_bucket_owner": "",
            "id": "marom-stream-042b671a",
            "region": "us-east-1",
            "rule": [
              {
                "apply_server_side_encryption_by_default": [
                  {
                    "kms_master_key_id": "arn:aws:kms:us-east-1:414444871239:key/58395c47-d9fc-427b-a6b8-f801bb7a2278",
                    "sse_algorithm": "aws:kms"
                  }
                ],
                "blocked_encryption_types": [
                  "SSE-C"
                ],
                "bucket_key_enabled": false
              }
            ]
          },
          "sensitive_attributes": [],
          "identity_schema_version": 1,
          "identity": {
            "account_id": "414444871239",
            "bucket": "marom-stream-042b671a",
            "region": "us-east-1"
          },
          "private": "bnVsbA==",
          "dependencies": [
            "module.data.aws_kms_key.s3_key",
            "module.data.aws_s3_bucket.app_bucket",
            "module.data.random_id.suffix"
          ]
        }
      ]
    },
    {
      "module": "module.data",
      "mode": "managed",
      "type": "aws_s3_bucket_versioning",
      "name": "versioning",
      "provider": "provider[\"registry.terraform.io/hashicorp/aws\"]",
      "instances": [
        {
          "schema_version": 0,
          "attributes": {
            "bucket": "marom-stream-042b671a",
            "expected_bucket_owner": "",
            "id": "marom-stream-042b671a",
            "mfa": null,
            "region": "us-east-1",
            "versioning_configuration": [
              {
                "mfa_delete": "Disabled",
                "status": "Enabled"
              }
            ]
          },
          "sensitive_attributes": [],
          "identity_schema_version": 1,
          "identity": {
            "account_id": "414444871239",
            "bucket": "marom-stream-042b671a",
            "region": "us-east-1"
          },
          "private": "bnVsbA==",
          "dependencies": [
            "module.data.aws_s3_bucket.app_bucket",
            "module.data.random_id.suffix"
          ]
        }
      ]
    },
    {
      "module": "module.data",
      "mode": "managed",
      "type": "aws_security_group",
      "name": "db_sg",
      "provider": "provider[\"registry.terraform.io/hashicorp/aws\"]",
      "instances": [
        {
          "schema_version": 1,
          "attributes": {
            "arn": "arn:aws:ec2:us-east-1:414444871239:security-group/sg-06203bffa66c40a17",
            "description": "Managed by Terraform",
            "egress": [],
            "id": "sg-06203bffa66c40a17",
            "ingress": [
              {
                "cidr_blocks": [],
                "description": "",
                "from_port": 27017,
                "ipv6_cidr_blocks": [],
                "prefix_list_ids": [],
                "protocol": "tcp",
                "security_groups": [
                  "sg-005b9e0b58ca64b9d"
                ],
                "self": false,
                "to_port": 27017
              }
            ],
            "name": "terraform-254a70ddeedd52fd44cfb4fec3",
            "name_prefix": "terraform-",
            "owner_id": "414444871239",
            "region": "us-east-1",
            "revoke_rules_on_delete": false,
            "tags": {},
            "tags_all": {},
            "timeouts": null,
            "vpc_id": "vpc-0bdf773c0f2b863d0"
          },
          "sensitive_attributes": [],
          "identity_schema_version": 0,
          "identity": {
            "account_id": "414444871239",
            "id": "sg-06203bffa66c40a17",
            "region": "us-east-1"
          },
          "private": "eyJlMmJmYjczMC1lY2FhLTExZTYtOGY4OC0zNDM2M2JjN2M0YzAiOnsiY3JlYXRlIjo2MDAwMDAwMDAwMDAsImRlbGV0ZSI6OTAwMDAwMDAwMDAwfSwic2NoZW1hX3ZlcnNpb24iOiIxIn0=",
          "dependencies": [
            "module.network.aws_vpc.main",
            "module.security.aws_security_group.alb_sg",
            "module.security.aws_security_group.backend_sg",
            "module.security.aws_security_group.frontend_sg"
          ]
        }
      ]
    },
    {
      "module": "module.data",
      "mode": "managed",
      "type": "random_id",
      "name": "suffix",
      "provider": "provider[\"registry.terraform.io/hashicorp/random\"]",
      "instances": [
        {
          "schema_version": 0,
          "attributes": {
            "b64_std": "BCtnGg==",
            "b64_url": "BCtnGg",
            "byte_length": 4,
            "dec": "69953306",
            "hex": "042b671a",
            "id": "BCtnGg",
            "keepers": null,
            "prefix": null
          },
          "sensitive_attributes": [],
          "identity_schema_version": 0
        }
      ]
    },
    {
      "module": "module.ecr",
      "mode": "managed",
      "type": "aws_ecr_repository",
      "name": "backend",
      "provider": "provider[\"registry.terraform.io/hashicorp/aws\"]",
      "instances": [
        {
          "schema_version": 0,
          "attributes": {
            "arn": "arn:aws:ecr:us-east-1:414444871239:repository/maromstream-backend",
            "encryption_configuration": [
              {
                "encryption_type": "AES256",
                "kms_key": ""
              }
            ],
            "force_delete": null,
            "id": "maromstream-backend",
            "image_scanning_configuration": [
              {
                "scan_on_push": true
              }
            ],
            "image_tag_mutability": "MUTABLE",
            "image_tag_mutability_exclusion_filter": [],
            "name": "maromstream-backend",
            "region": "us-east-1",
            "registry_id": "414444871239",
            "repository_url": "414444871239.dkr.ecr.us-east-1.amazonaws.com/maromstream-backend",
            "tags": {
              "Name": "maromstream-backend"
            },
            "tags_all": {
              "Name": "maromstream-backend"
            },
            "timeouts": null
          },
          "sensitive_attributes": [],
          "identity_schema_version": 0,
          "identity": {
            "account_id": "414444871239",
            "name": "maromstream-backend",
            "region": "us-east-1"
          },
          "private": "eyJlMmJmYjczMC1lY2FhLTExZTYtOGY4OC0zNDM2M2JjN2M0YzAiOnsiZGVsZXRlIjoxMjAwMDAwMDAwMDAwfX0="
        }
      ]
    },
    {
      "module": "module.ecr",
      "mode": "managed",
      "type": "aws_ecr_repository",
      "name": "frontend",
      "provider": "provider[\"registry.terraform.io/hashicorp/aws\"]",
      "instances": [
        {
          "schema_version": 0,
          "attributes": {
            "arn": "arn:aws:ecr:us-east-1:414444871239:repository/maromstream-frontend",
            "encryption_configuration": [
              {
                "encryption_type": "AES256",
                "kms_key": ""
              }
            ],
            "force_delete": null,
            "id": "maromstream-frontend",
            "image_scanning_configuration": [
              {
                "scan_on_push": true
              }
            ],
            "image_tag_mutability": "MUTABLE",
            "image_tag_mutability_exclusion_filter": [],
            "name": "maromstream-frontend",
            "region": "us-east-1",
            "registry_id": "414444871239",
            "repository_url": "414444871239.dkr.ecr.us-east-1.amazonaws.com/maromstream-frontend",
            "tags": {
              "Name": "maromstream-frontend"
            },
            "tags_all": {
              "Name": "maromstream-frontend"
            },
            "timeouts": null
          },
          "sensitive_attributes": [],
          "identity_schema_version": 0,
          "identity": {
            "account_id": "414444871239",
            "name": "maromstream-frontend",
            "region": "us-east-1"
          },
          "private": "eyJlMmJmYjczMC1lY2FhLTExZTYtOGY4OC0zNDM2M2JjN2M0YzAiOnsiZGVsZXRlIjoxMjAwMDAwMDAwMDAwfX0="
        }
      ]
    },
    {
      "module": "module.github_oidc",
      "mode": "data",
      "type": "tls_certificate",
      "name": "github",
      "provider": "provider[\"registry.terraform.io/hashicorp/tls\"]",
      "instances": [
        {
          "schema_version": 0,
          "attributes": {
            "certificates": [
              {
                "cert_pem": "-----BEGIN CERTIFICATE-----\nMIIF9DCCA9ygAwIBAgIRAPJLbRf52a18scn+p4eCaZ8wDQYJKoZIhvcNAQELBQAw\nTzELMAkGA1UEBhMCVVMxKTAnBgNVBAoTIEludGVybmV0IFNlY3VyaXR5IFJlc2Vh\ncmNoIEdyb3VwMRUwEwYDVQQDEwxJU1JHIFJvb3QgWDEwHhcNMjYwNTEzMDAwMDAw\nWhcNMzIwOTAyMjM1OTU5WjAuMQswCQYDVQQGEwJVUzENMAsGA1UEChMESVNSRzEQ\nMA4GA1UEAxMHUm9vdCBZUjCCAiIwDQYJKoZIhvcNAQEBBQADggIPADCCAgoCggIB\nANvGJnN78CTJdWL3+eGfsLN5TrNBJs+VH9hRXqRbwxu9sGNiB0BD1fcOxbSUQCJI\nM1xE13Db+5Cw1w0s0EBYsvuIP/6joF0w8cuImbgR1OGgYbSQ4OpzI+DG8SGuTlcE\n873OCS+kh3srlo6vl43M5OJg4Aeo1sfHp6kTJDoIiFBNJAY+OKfX/FUvYKuhjT+n\no49lmqmupSBI5PkBQiqrEGtWU5uxU/cQWHGu8jSjFBznZqvbNPLMXMLFxCb3WTfr\nJBXXjqvWG+v4bjzxjjeAtOlU7qarRDvNOyAuQYLln904M+faKx8hnLCpJ15ZqaEg\ncNlY+9MMWcC5yvL2A2j3l9+2buggZX+dOE91zYmIdawTvSZuVvlbRrAlLxIB6pwM\nBjneXCjYQ8+3BCCjssbSNpZU3hTcBDdhfAlEDlYr6pEatnMdmDT5BqnKC92bd0Eh\nM1fbLHioLccLCuievT8ZkPhZrq7Mii7gNXAcUEAR8+lzYal+9zTg7C5DALyVOeG/\nCqfRAMn1KSHCR0NSA6P8tn/mGRlnCct5rtVCLnVySVpU6H1qGg3DgTOuskf8eahT\nMiYbI5ezPJmO5ertalskQ1utp74+eDy92PI4ftHKTbq9IWhH4YZKh3WnJEIt+oQv\nlYZbY8tpEroKrFB6PFGzrJIDRyts4HqvuH52RFj2zv/BAgMBAAGjgeswgegwDgYD\nVR0PAQH/BAQDAgEGMBMGA1UdJQQMMAoGCCsGAQUFBwMBMA8GA1UdEwEB/wQFMAMB\nAf8wHQYDVR0OBBYEFN7nW2DQIm1AKH0/DQH+pLVStFGUMB8GA1UdIwQYMBaAFHm0\nWeZ7tuXkAXOACIjIGlj26ZtuMDIGCCsGAQUFBwEBBCYwJDAiBggrBgEFBQcwAoYW\naHR0cDovL3gxLmkubGVuY3Iub3JnLzATBgNVHSAEDDAKMAgGBmeBDAECATAnBgNV\nHR8EIDAeMBygGqAYhhZodHRwOi8veDEuYy5sZW5jci5vcmcvMA0GCSqGSIb3DQEB\nCwUAA4ICAQA8spSI95KKfn2W6GMmDpHBJSPaLbsS3W93cijJCRCYAc1fsJgL1FIL\n7C0C9ecPOdcwB2fi0Dk2p94j9iTJCxmt5CFSKLRWwnXT2MMSXexVxqoVB79BdWPx\nVXETkVme/qYSAuKVHh5Ps+5BixgmwS1JkjSAc+MfrUbNssVEEnH0aEiAh+rotXAV\nJSP/Ye7LJPEwD9DWG72vVWbhAcuOf5OLjz57Ctk7MgQHynZ7+PlHJtajroCaIbtC\nr6tcZZaAwUQm+jQyeWdV+2hv9deOYFmKeQyjjcSrN5Nadrw+L9DZJLbA1HqeNvLh\nBgqpP0fvJq2N6EtD574N6eMI7uMsJTnji2UDz9el5XLSv9fqJMuDQtYVb2oTNoKp\noUqhxPVC0aq4eG5MESaIdn8b5ZGSSeAJLMHXljEdlNza+ncfkviXk1POLnnFdvx8\n/gk6M374WbLWFXw8N141B/Rl/tINGfl1TxOIiqtiMYkL02RSGb1kq34BL9NPP27z\nRGMuHGnzS3hFIrRTfKxrzUZ9RzQWzEG3K6fJ3r2nqSltkeytis9DIBoFY9VmVyjL\nM71DMi+y1+TRSJVClEMwvA4yL++7q9XZx5r5wBRWB4kQTKH5qyoZnDw7iiuh1lID\nyDFx8r7i9vIJU5HS3moZLkYWAOilMaV9N56A9Bgb6dNcHkvg3NoaYA==\n-----END CERTIFICATE-----\n",
                "is_ca": true,
                "issuer": "CN=ISRG Root X1,O=Internet Security Research Group,C=US",
                "max_path_length": -1,
                "not_after": "2032-09-02T23:59:59Z",
                "not_before": "2026-05-13T00:00:00Z",
                "public_key_algorithm": "RSA",
                "serial_number": "322064809926559212792997219556942571935",
                "sha1_fingerprint": "ab9d0263244dd0326eb67015705a667e79cfe998",
                "signature_algorithm": "SHA256-RSA",
                "subject": "CN=Root YR,O=ISRG,C=US",
                "version": 3
              },
              {
                "cert_pem": "-----BEGIN CERTIFICATE-----\nMIIE2jCCAsKgAwIBAgIQTr0klH4k05SALYSlL9WzGTANBgkqhkiG9w0BAQsFADAu\nMQswCQYDVQQGEwJVUzENMAsGA1UEChMESVNSRzEQMA4GA1UEAxMHUm9vdCBZUjAe\nFw0yNTA5MDMwMDAwMDBaFw0yODA5MDIyMzU5NTlaMDMxCzAJBgNVBAYTAlVTMRYw\nFAYDVQQKEw1MZXQncyBFbmNyeXB0MQwwCgYDVQQDEwNZUjIwggEiMA0GCSqGSIb3\nDQEBAQUAA4IBDwAwggEKAoIBAQDZ0LxwBppqh84luqMerV/eeL/fXQ7mLQQv1Lnp\nWKZbyvGpx6wh6AfnslAnF6ewTkcHA+gSOoBvm3Dfm06AuGiF+KRut4fAcowqnAQQ\nCW98+QPP/eOv/wug7Iyk4NkOxf2I6g2f55T6nJoOTLFcukeRq80JGQEYan+dPFr9\nOGUgQK2hGKgNkW87pappsOAuUJcroYhRt5uUis4qaZireiseu32gzDJNBAiKtsvd\n6HX4v25bpkRNcS/B/Gtc9kVbUpD+2PLPxdei3Tim55k4tfAEXwD2qyiPTxrTNq6l\nN+AMr5g2c1dNqkOTwjxeV6L5lpP1rGiYvLnRaPlOqyZRPW+5AgMBAAGjge4wgesw\nDgYDVR0PAQH/BAQDAgGGMBMGA1UdJQQMMAoGCCsGAQUFBwMBMBIGA1UdEwEB/wQI\nMAYBAf8CAQAwHQYDVR0OBBYEFEAVLSZ57TIgnt+ach3WMh+BDIEMMB8GA1UdIwQY\nMBaAFN7nW2DQIm1AKH0/DQH+pLVStFGUMDIGCCsGAQUFBwEBBCYwJDAiBggrBgEF\nBQcwAoYWaHR0cDovL3lyLmkubGVuY3Iub3JnLzATBgNVHSAEDDAKMAgGBmeBDAEC\nATAnBgNVHR8EIDAeMBygGqAYhhZodHRwOi8veXIuYy5sZW5jci5vcmcvMA0GCSqG\nSIb3DQEBCwUAA4ICAQB0ZUQWZ9/Yn9COEpo+JfecMnB0h0vwDm/M66IqXqw3LoaL\nmx9lZvRTeDIS67PUeI3yCA2W6PKRD0/FE/G57lOmS+Xy5AaaL00ICGOqjNcCaMWW\n8o8nevHOd4i4lqgtznE/28QwlcdJyF8yBiWHpnyjhEpmNWJURgOCOg2xpwRMBCsj\nMScqYPtOhBeuYQvSwAEeTML2Ukh6uGuX4E14q65Ja8cdjF5bAldnP1eE4FBaAwsZ\nG2fOqqrKV03Y85Nw2btedP1AtliQuJZs/Jo/gXxXdc7LrH3McgnpnbTiAncX7yES\nhP6kzQejllqMCIt52HOjxDGWafS7Xw+DKwqmH+Eqy8dcbOuag/1AYlQoKNVK3F5q\nHh6tEDiMqQcLIibGKteE6iHo4A/bIScbzrhXUYuism42ZYzmc48FMVIH3qy4L84E\nTdAH2gtxw0PAhvRVXp8HP7wfngpzsN/8xOTpeRSbM4+Qbc56G6+Bifmv6sk1ieQb\nNA3wJdl4DDUuQSV8hBgx6zoI1ZSGORprDFux7c6rhc77QZMSRrEgomBeklervEve\n86ylWmZ3WWHV6RLMi8xNvjd71r4EPIGgY7BZU/VPBkq+uA7Gb6mbJnFgV43uh3xy\nLRFgxIAphIukwTGSMZZR+AI+Qnp0BYTWovHXozOf3H8r6hozEoT02JHn0AeTfA==\n-----END CERTIFICATE-----\n",
                "is_ca": true,
                "issuer": "CN=Root YR,O=ISRG,C=US",
                "max_path_length": 0,
                "not_after": "2028-09-02T23:59:59Z",
                "not_before": "2025-09-03T00:00:00Z",
                "public_key_algorithm": "RSA",
                "serial_number": "104661869709039935805224238423219745561",
                "sha1_fingerprint": "2d74d6dfd96eea55ad7baafa0d3c6552b2dadc37",
                "signature_algorithm": "SHA256-RSA",
                "subject": "CN=YR2,O=Let's Encrypt,C=US",
                "version": 3
              },
              {
                "cert_pem": "-----BEGIN CERTIFICATE-----\nMIIGNTCCBR2gAwIBAgISBQxrm2P0V6boQ+CIerBE2c8fMA0GCSqGSIb3DQEBCwUA\nMDMxCzAJBgNVBAYTAlVTMRYwFAYDVQQKEw1MZXQncyBFbmNyeXB0MQwwCgYDVQQD\nEwNZUjIwHhcNMjYwNzEwMjMzMjE2WhcNMjYxMDA4MjMzMjE1WjAqMSgwJgYDVQQD\nDB8qLmFjdGlvbnMuZ2l0aHVidXNlcmNvbnRlbnQuY29tMIICIjANBgkqhkiG9w0B\nAQEFAAOCAg8AMIICCgKCAgEAqcIRoijeGQKj3+dX+n+mi0gf8IZH48WhDp/a80c9\nzQrVUl4xh47tRZrmQ0thUbQ4/btHKW703g4st5JYD3lxSXEAre0HyU+2sLgLPEdL\nuOG9OL+i4vb988u+73F9ycg+Kq+ChMyTnoVB1z+s5aJb8j+wVWvEDeuJ9GsqVmdB\n+5JNkaaYpd7m2Fb8lxjTvTVHjhbTTuCFfjAviGleeVINsjroFv4cRESgsVQjfmIz\nvz9w5rDaqwpBKGeqGxzST8rfWer+b9pJhsHsNJfmf6lF9Jb/4bnL4taa1ve1Osw8\nh6TzIuq3R9e3ZwUax7KwDSTbOwtG6bgR5om/0/VtKUoF/KFuOi4yVlJ4jMxZU5+J\nBaUrmSMTDWDknIk6vi3gI3MnMGAC8NI1j5W56PnAlszD5YTez34a9BtYtE4W11jd\nepBndSWMqrMsyEgkBZtBLE6+hV1q80531M7d3/59EARW/AVp1OWpjb/yaCbpGZCV\n84dSH9XhMDs5v8XvVwtCjWBB4ajjNqnnpQioK1+YUOZIRsCKYioXlD8IeUgf9vXD\n7nTDViOQ4rbQnUSOudild/L6NmcrpXFNCwVcP08DFRKnUAeM2RY3+QaAet6moJt7\nMoi/wDORKftw6h2iR8WyObTS+xK1i1rcXa6Q5St41zl4rR+sk+crD4ZpGbyuR/fX\nN5kCAwEAAaOCAkowggJGMA4GA1UdDwEB/wQEAwIFoDATBgNVHSUEDDAKBggrBgEF\nBQcDATAMBgNVHRMBAf8EAjAAMB0GA1UdDgQWBBTg/AX2/DOAoa2KNsvxYEsvpJFq\nwjAfBgNVHSMEGDAWgBRAFS0mee0yIJ7fmnId1jIfgQyBDDAzBggrBgEFBQcBAQQn\nMCUwIwYIKwYBBQUHMAKGF2h0dHA6Ly95cjIuaS5sZW5jci5vcmcvMEkGA1UdEQRC\nMECCHyouYWN0aW9ucy5naXRodWJ1c2VyY29udGVudC5jb22CHWFjdGlvbnMuZ2l0\naHVidXNlcmNvbnRlbnQuY29tMBMGA1UdIAQMMAowCAYGZ4EMAQIBMC4GA1UdHwQn\nMCUwI6AhoB+GHWh0dHA6Ly95cjIuYy5sZW5jci5vcmcvMzIuY3JsMIIBCgYKKwYB\nBAHWeQIEAgSB+wSB+AD2AHUAlE5Dh/rswe+B8xkkJqgYZQHH0184AgE/cmd9VTcu\nGdgAAAGfTpV6cQAABAMARjBEAiBS22Z2IO1oT8L4v8D+d0YN/dsVHdzqQCM4vn2L\nG798MQIgejZKuz1ivuPzTTyXIyaVu6AKx5ixY53fTLK5LCdWNY0AfQCoJsvjCsY1\nEkZTP+Bl8U8Z2W4ZCBPEHdlteQCzEjxVJwAAAZ9OlXv4AAgAAAUAE3nukAQDAEYw\nRAIgYbrQvABCr7mN/VuNoT8QOwZtc3Gq6wsukU7RJiJ7GwECIE0a7+8T2TRDdIcn\nsoEXe9w8qgrXKqfygmSW//sG9G5lMA0GCSqGSIb3DQEBCwUAA4IBAQABsubA+7cv\n4WTCg6Jq4qJ8RKN4603ea9NdawmPWmCE5GwwXCewjJp5uGGMGGkV/ikrfjl4/jZu\nDfYcsk4UICH3HHiE8VRuSwNvsMPMoxMbfNwh4Mq76mxXun1hX713ThtPCu8PPAJA\nPwpQiJetMdl3RgAOAZJVnVmfkt+lGq4Bkh6HeEIMCmnws1Pg04kztE0HN5eUEowy\n6gCjJC1701Av0KEbXpsJwYU1fZXUj9/OYP0MRVZyHnP3gBhwJP0spb97TFLAhSlI\nInGg4TAiD8G19F54oDD/PIhLc2iLJtLLHZyCApt62egtwc/wjZHXE6guV4rvYCCR\nUPHKMiSTuaXS\n-----END CERTIFICATE-----\n",
                "is_ca": false,
                "issuer": "CN=YR2,O=Let's Encrypt,C=US",
                "max_path_length": -1,
                "not_after": "2026-10-08T23:32:15Z",
                "not_before": "2026-07-10T23:32:16Z",
                "public_key_algorithm": "RSA",
                "serial_number": "439787852290731903080740640972505259560735",
                "sha1_fingerprint": "227203b5317f3818cab5b5ce596132bf36748c0e",
                "signature_algorithm": "SHA256-RSA",
                "subject": "CN=*.actions.githubusercontent.com",
                "version": 3
              }
            ],
            "content": null,
            "id": "f14a3ee4f847b00a69e565d9b60917218c94d428",
            "url": "https://token.actions.githubusercontent.com",
            "verify_chain": true
          },
          "sensitive_attributes": [],
          "identity_schema_version": 0
        }
      ]
    },
    {
      "module": "module.github_oidc",
      "mode": "managed",
      "type": "aws_iam_openid_connect_provider",
      "name": "github",
      "provider": "provider[\"registry.terraform.io/hashicorp/aws\"]",
      "instances": [
        {
          "schema_version": 0,
          "attributes": {
            "arn": "arn:aws:iam::414444871239:oidc-provider/token.actions.githubusercontent.com",
            "client_id_list": [
              "sts.amazonaws.com"
            ],
            "id": "arn:aws:iam::414444871239:oidc-provider/token.actions.githubusercontent.com",
            "tags": {},
            "tags_all": {},
            "thumbprint_list": [
              "ab9d0263244dd0326eb67015705a667e79cfe998"
            ],
            "url": "token.actions.githubusercontent.com"
          },
          "sensitive_attributes": [],
          "identity_schema_version": 0,
          "identity": {
            "arn": "arn:aws:iam::414444871239:oidc-provider/token.actions.githubusercontent.com"
          },
          "private": "bnVsbA==",
          "dependencies": [
            "module.github_oidc.data.tls_certificate.github"
          ]
        }
      ]
    },
    {
      "module": "module.github_oidc",
      "mode": "managed",
      "type": "aws_iam_role",
      "name": "github_actions",
      "provider": "provider[\"registry.terraform.io/hashicorp/aws\"]",
      "instances": [
        {
          "schema_version": 0,
          "attributes": {
            "arn": "arn:aws:iam::414444871239:role/GitHubActionsOIDCRole",
            "assume_role_policy": "{\"Statement\":[{\"Action\":\"sts:AssumeRoleWithWebIdentity\",\"Condition\":{\"StringEquals\":{\"token.actions.githubusercontent.com:aud\":\"sts.amazonaws.com\"},\"StringLike\":{\"token.actions.githubusercontent.com:sub\":\"repo:maromshriki/marom-stream:*\"}},\"Effect\":\"Allow\",\"Principal\":{\"Federated\":\"arn:aws:iam::414444871239:oidc-provider/token.actions.githubusercontent.com\"}}],\"Version\":\"2012-10-17\"}",
            "create_date": "2026-08-03T09:36:11Z",
            "description": "",
            "force_detach_policies": false,
            "id": "GitHubActionsOIDCRole",
            "inline_policy": [
              {
                "name": "github-actions-ecr",
                "policy": "{\"Version\":\"2012-10-17\",\"Statement\":[{\"Action\":[\"ecr:GetAuthorizationToken\",\"ecr:BatchCheckLayerAvailability\",\"ecr:CompleteLayerUpload\",\"ecr:InitiateLayerUpload\",\"ecr:UploadLayerPart\",\"ecr:PutImage\",\"ecr:BatchGetImage\"],\"Effect\":\"Allow\",\"Resource\":\"*\"}]}"
              }
            ],
            "managed_policy_arns": [],
            "max_session_duration": 3600,
            "name": "GitHubActionsOIDCRole",
            "name_prefix": "",
            "path": "/",
            "permissions_boundary": "",
            "tags": {},
            "tags_all": {},
            "unique_id": "AROAWA7WW3ZD73R7Q3LFC"
          },
          "sensitive_attributes": [],
          "identity_schema_version": 0,
          "identity": {
            "account_id": "414444871239",
            "name": "GitHubActionsOIDCRole"
          },
          "private": "bnVsbA==",
          "dependencies": [
            "module.github_oidc.aws_iam_openid_connect_provider.github",
            "module.github_oidc.data.tls_certificate.github"
          ]
        }
      ]
    },
    {
      "module": "module.github_oidc",
      "mode": "managed",
      "type": "aws_iam_role_policy",
      "name": "ecr",
      "provider": "provider[\"registry.terraform.io/hashicorp/aws\"]",
      "instances": [
        {
          "schema_version": 0,
          "attributes": {
            "id": "GitHubActionsOIDCRole:github-actions-ecr",
            "name": "github-actions-ecr",
            "name_prefix": "",
            "policy": "{\"Version\":\"2012-10-17\",\"Statement\":[{\"Action\":[\"ecr:GetAuthorizationToken\",\"ecr:BatchCheckLayerAvailability\",\"ecr:CompleteLayerUpload\",\"ecr:InitiateLayerUpload\",\"ecr:UploadLayerPart\",\"ecr:PutImage\",\"ecr:BatchGetImage\"],\"Effect\":\"Allow\",\"Resource\":\"*\"}]}",
            "role": "GitHubActionsOIDCRole"
          },
          "sensitive_attributes": [],
          "identity_schema_version": 0,
          "identity": {
            "account_id": "414444871239",
            "name": "github-actions-ecr",
            "role": "GitHubActionsOIDCRole"
          },
          "private": "bnVsbA==",
          "dependencies": [
            "module.github_oidc.aws_iam_openid_connect_provider.github",
            "module.github_oidc.aws_iam_role.github_actions",
            "module.github_oidc.data.tls_certificate.github"
          ]
        }
      ]
    },
    {
      "module": "module.network",
      "mode": "data",
      "type": "aws_availability_zones",
      "name": "available",
      "provider": "provider[\"registry.terraform.io/hashicorp/aws\"]",
      "instances": [
        {
          "schema_version": 0,
          "attributes": {
            "all_availability_zones": null,
            "exclude_names": null,
            "exclude_zone_ids": null,
            "filter": null,
            "group_names": [
              "us-east-1-zg-1"
            ],
            "id": "us-east-1",
            "names": [
              "us-east-1a",
              "us-east-1b",
              "us-east-1c",
              "us-east-1d",
              "us-east-1e",
              "us-east-1f"
            ],
            "region": "us-east-1",
            "state": null,
            "timeouts": null,
            "zone_ids": [
              "use1-az1",
              "use1-az2",
              "use1-az4",
              "use1-az6",
              "use1-az3",
              "use1-az5"
            ]
          },
          "sensitive_attributes": [],
          "identity_schema_version": 0
        }
      ]
    },
    {
      "module": "module.network",
      "mode": "managed",
      "type": "aws_cloudwatch_log_group",
      "name": "vpc_flow_logs",
      "provider": "provider[\"registry.terraform.io/hashicorp/aws\"]",
      "instances": [
        {
          "schema_version": 0,
          "attributes": {
            "arn": "arn:aws:logs:us-east-1:414444871239:log-group:/aws/vpc/flowlogs",
            "deletion_protection_enabled": false,
            "id": "/aws/vpc/flowlogs",
            "kms_key_id": "",
            "log_group_class": "STANDARD",
            "name": "/aws/vpc/flowlogs",
            "name_prefix": "",
            "region": "us-east-1",
            "retention_in_days": 30,
            "skip_destroy": false,
            "tags": {},
            "tags_all": {}
          },
          "sensitive_attributes": [],
          "identity_schema_version": 0,
          "identity": {
            "account_id": "414444871239",
            "name": "/aws/vpc/flowlogs",
            "region": "us-east-1"
          },
          "private": "bnVsbA=="
        }
      ]
    },
    {
      "module": "module.network",
      "mode": "managed",
      "type": "aws_eip",
      "name": "nat",
      "provider": "provider[\"registry.terraform.io/hashicorp/aws\"]",
      "instances": [
        {
          "schema_version": 0,
          "attributes": {
            "address": null,
            "allocation_id": "eipalloc-0a59b1f839c26e279",
            "arn": "arn:aws:ec2:us-east-1:414444871239:elastic-ip/eipalloc-0a59b1f839c26e279",
            "associate_with_private_ip": null,
            "association_id": "eipassoc-05d43e1329422388a",
            "carrier_ip": "",
            "customer_owned_ip": "",
            "customer_owned_ipv4_pool": "",
            "domain": "vpc",
            "id": "eipalloc-0a59b1f839c26e279",
            "instance": "",
            "ipam_pool_id": "",
            "network_border_group": "us-east-1",
            "network_interface": "eni-07b480bed10d6ffaa",
            "private_dns": "ip-10-0-1-109.ec2.internal",
            "private_ip": "10.0.1.109",
            "ptr_record": "",
            "public_dns": "ec2-18-210-39-226.compute-1.amazonaws.com",
            "public_ip": "18.210.39.226",
            "public_ipv4_pool": "amazon",
            "region": "us-east-1",
            "tags": {},
            "tags_all": {},
            "timeouts": null
          },
          "sensitive_attributes": [],
          "identity_schema_version": 0,
          "identity": {
            "account_id": "414444871239",
            "id": "eipalloc-0a59b1f839c26e279",
            "region": "us-east-1"
          },
          "private": "eyJlMmJmYjczMC1lY2FhLTExZTYtOGY4OC0zNDM2M2JjN2M0YzAiOnsiZGVsZXRlIjoxODAwMDAwMDAwMDAsInJlYWQiOjkwMDAwMDAwMDAwMCwidXBkYXRlIjozMDAwMDAwMDAwMDB9fQ=="
        }
      ]
    },
    {
      "module": "module.network",
      "mode": "managed",
      "type": "aws_flow_log",
      "name": "vpc_flow_logs",
      "provider": "provider[\"registry.terraform.io/hashicorp/aws\"]",
      "instances": [
        {
          "schema_version": 1,
          "attributes": {
            "arn": "arn:aws:ec2:us-east-1:414444871239:vpc-flow-log/fl-0410e1eab2b07eb82",
            "deliver_cross_account_role": "",
            "destination_options": [],
            "eni_id": null,
            "iam_role_arn": "arn:aws:iam::414444871239:role/vpc-flow-logs-role",
            "id": "fl-0410e1eab2b07eb82",
            "log_destination": "arn:aws:logs:us-east-1:414444871239:log-group:/aws/vpc/flowlogs",
            "log_destination_type": "cloud-watch-logs",
            "log_format": "${version} ${account-id} ${interface-id} ${srcaddr} ${dstaddr} ${srcport} ${dstport} ${protocol} ${packets} ${bytes} ${start} ${end} ${action} ${log-status}",
            "max_aggregation_interval": 600,
            "region": "us-east-1",
            "regional_nat_gateway_id": null,
            "subnet_id": null,
            "tag_field_specification": [],
            "tags": null,
            "tags_all": {},
            "traffic_type": "ALL",
            "transit_gateway_attachment_id": null,
            "transit_gateway_id": null,
            "vpc_id": "vpc-0bdf773c0f2b863d0"
          },
          "sensitive_attributes": [],
          "identity_schema_version": 0,
          "private": "eyJzY2hlbWFfdmVyc2lvbiI6IjEifQ==",
          "dependencies": [
            "module.network.aws_cloudwatch_log_group.vpc_flow_logs",
            "module.network.aws_iam_role.vpc_flow_logs",
            "module.network.aws_vpc.main"
          ]
        }
      ]
    },
    {
      "module": "module.network",
      "mode": "managed",
      "type": "aws_iam_role",
      "name": "vpc_flow_logs",
      "provider": "provider[\"registry.terraform.io/hashicorp/aws\"]",
      "instances": [
        {
          "schema_version": 0,
          "attributes": {
            "arn": "arn:aws:iam::414444871239:role/vpc-flow-logs-role",
            "assume_role_policy": "{\"Statement\":[{\"Action\":\"sts:AssumeRole\",\"Effect\":\"Allow\",\"Principal\":{\"Service\":\"vpc-flow-logs.amazonaws.com\"}}],\"Version\":\"2012-10-17\"}",
            "create_date": "2026-08-03T09:36:11Z",
            "description": "",
            "force_detach_policies": false,
            "id": "vpc-flow-logs-role",
            "inline_policy": [],
            "managed_policy_arns": [],
            "max_session_duration": 3600,
            "name": "vpc-flow-logs-role",
            "name_prefix": "",
            "path": "/",
            "permissions_boundary": "",
            "tags": {},
            "tags_all": {},
            "unique_id": "AROAWA7WW3ZDXV4T3GYXR"
          },
          "sensitive_attributes": [],
          "identity_schema_version": 0,
          "identity": {
            "account_id": "414444871239",
            "name": "vpc-flow-logs-role"
          },
          "private": "bnVsbA=="
        }
      ]
    },
    {
      "module": "module.network",
      "mode": "managed",
      "type": "aws_iam_role_policy",
      "name": "vpc_flow_logs",
      "provider": "provider[\"registry.terraform.io/hashicorp/aws\"]",
      "instances": [
        {
          "schema_version": 0,
          "attributes": {
            "id": "vpc-flow-logs-role:vpc-flow-logs-policy",
            "name": "vpc-flow-logs-policy",
            "name_prefix": "",
            "policy": "{\"Version\":\"2012-10-17\",\"Statement\":[{\"Action\":[\"logs:CreateLogGroup\",\"logs:CreateLogStream\",\"logs:PutLogEvents\",\"logs:DescribeLogGroups\",\"logs:DescribeLogStreams\"],\"Effect\":\"Allow\",\"Resource\":\"arn:aws:logs:us-east-1:414444871239:log-group:/aws/vpc/flowlogs\"}]}",
            "role": "vpc-flow-logs-role"
          },
          "sensitive_attributes": [],
          "identity_schema_version": 0,
          "identity": {
            "account_id": "414444871239",
            "name": "vpc-flow-logs-policy",
            "role": "vpc-flow-logs-role"
          },
          "private": "bnVsbA==",
          "dependencies": [
            "module.network.aws_cloudwatch_log_group.vpc_flow_logs",
            "module.network.aws_iam_role.vpc_flow_logs"
          ]
        }
      ]
    },
    {
      "module": "module.network",
      "mode": "managed",
      "type": "aws_internet_gateway",
      "name": "igw",
      "provider": "provider[\"registry.terraform.io/hashicorp/aws\"]",
      "instances": [
        {
          "schema_version": 0,
          "attributes": {
            "arn": "arn:aws:ec2:us-east-1:414444871239:internet-gateway/igw-0bbec6644edccfcbf",
            "id": "igw-0bbec6644edccfcbf",
            "owner_id": "414444871239",
            "region": "us-east-1",
            "tags": {
              "Name": "tf-igw"
            },
            "tags_all": {
              "Name": "tf-igw"
            },
            "timeouts": null,
            "vpc_id": "vpc-0bdf773c0f2b863d0"
          },
          "sensitive_attributes": [],
          "identity_schema_version": 0,
          "identity": {
            "account_id": "414444871239",
            "id": "igw-0bbec6644edccfcbf",
            "region": "us-east-1"
          },
          "private": "eyJlMmJmYjczMC1lY2FhLTExZTYtOGY4OC0zNDM2M2JjN2M0YzAiOnsiY3JlYXRlIjoxMjAwMDAwMDAwMDAwLCJkZWxldGUiOjEyMDAwMDAwMDAwMDAsInVwZGF0ZSI6MTIwMDAwMDAwMDAwMH19",
          "dependencies": [
            "module.network.aws_vpc.main"
          ]
        }
      ]
    },
    {
      "module": "module.network",
      "mode": "managed",
      "type": "aws_nat_gateway",
      "name": "nat",
      "provider": "provider[\"registry.terraform.io/hashicorp/aws\"]",
      "instances": [
        {
          "schema_version": 0,
          "attributes": {
            "allocation_id": "eipalloc-0a59b1f839c26e279",
            "association_id": "eipassoc-05d43e1329422388a",
            "auto_provision_zones": null,
            "auto_scaling_ips": null,
            "availability_mode": "zonal",
            "availability_zone_address": [],
            "connectivity_type": "public",
            "id": "nat-0b14e26041ff57ff8",
            "network_interface_id": "eni-07b480bed10d6ffaa",
            "private_ip": "10.0.1.109",
            "public_ip": "18.210.39.226",
            "region": "us-east-1",
            "regional_nat_gateway_address": [],
            "regional_nat_gateway_auto_mode": null,
            "route_table_id": null,
            "secondary_allocation_ids": [],
            "secondary_private_ip_address_count": 0,
            "secondary_private_ip_addresses": [],
            "subnet_id": "subnet-082031211ef5c2f03",
            "tags": {
              "Name": "tf-nat"
            },
            "tags_all": {
              "Name": "tf-nat"
            },
            "timeouts": null,
            "vpc_id": "vpc-0bdf773c0f2b863d0"
          },
          "sensitive_attributes": [],
          "identity_schema_version": 0,
          "identity": {
            "account_id": "414444871239",
            "id": "nat-0b14e26041ff57ff8",
            "region": "us-east-1"
          },
          "private": "eyJlMmJmYjczMC1lY2FhLTExZTYtOGY4OC0zNDM2M2JjN2M0YzAiOnsiY3JlYXRlIjo2MDAwMDAwMDAwMDAsImRlbGV0ZSI6MTgwMDAwMDAwMDAwMCwidXBkYXRlIjo2MDAwMDAwMDAwMDB9fQ==",
          "dependencies": [
            "module.network.aws_eip.nat",
            "module.network.aws_internet_gateway.igw",
            "module.network.aws_subnet.public_1",
            "module.network.aws_vpc.main",
            "module.network.data.aws_availability_zones.available"
          ]
        }
      ]
    },
    {
      "module": "module.network",
      "mode": "managed",
      "type": "aws_route",
      "name": "private_nat",
      "provider": "provider[\"registry.terraform.io/hashicorp/aws\"]",
      "instances": [
        {
          "schema_version": 0,
          "attributes": {
            "carrier_gateway_id": "",
            "core_network_arn": "",
            "destination_cidr_block": "0.0.0.0/0",
            "destination_ipv6_cidr_block": "",
            "destination_prefix_list_id": "",
            "egress_only_gateway_id": "",
            "gateway_id": "",
            "id": "r-rtb-01a75ea527ed12eed1080289494",
            "instance_id": "",
            "instance_owner_id": "",
            "local_gateway_id": "",
            "nat_gateway_id": "nat-0b14e26041ff57ff8",
            "network_interface_id": "",
            "odb_network_arn": "",
            "origin": "CreateRoute",
            "region": "us-east-1",
            "route_table_id": "rtb-01a75ea527ed12eed",
            "state": "active",
            "timeouts": null,
            "transit_gateway_id": "",
            "vpc_endpoint_id": "",
            "vpc_peering_connection_id": ""
          },
          "sensitive_attributes": [],
          "identity_schema_version": 0,
          "identity": {
            "account_id": "414444871239",
            "destination_cidr_block": "0.0.0.0/0",
            "destination_ipv6_cidr_block": null,
            "destination_prefix_list_id": null,
            "region": "us-east-1",
            "route_table_id": "rtb-01a75ea527ed12eed"
          },
          "private": "eyJlMmJmYjczMC1lY2FhLTExZTYtOGY4OC0zNDM2M2JjN2M0YzAiOnsiY3JlYXRlIjozMDAwMDAwMDAwMDAsImRlbGV0ZSI6MzAwMDAwMDAwMDAwLCJ1cGRhdGUiOjEyMDAwMDAwMDAwMH19",
          "dependencies": [
            "module.network.aws_eip.nat",
            "module.network.aws_internet_gateway.igw",
            "module.network.aws_nat_gateway.nat",
            "module.network.aws_route_table.private",
            "module.network.aws_subnet.public_1",
            "module.network.aws_vpc.main",
            "module.network.data.aws_availability_zones.available"
          ]
        }
      ]
    },
    {
      "module": "module.network",
      "mode": "managed",
      "type": "aws_route",
      "name": "public_internet",
      "provider": "provider[\"registry.terraform.io/hashicorp/aws\"]",
      "instances": [
        {
          "schema_version": 0,
          "attributes": {
            "carrier_gateway_id": "",
            "core_network_arn": "",
            "destination_cidr_block": "0.0.0.0/0",
            "destination_ipv6_cidr_block": "",
            "destination_prefix_list_id": "",
            "egress_only_gateway_id": "",
            "gateway_id": "igw-0bbec6644edccfcbf",
            "id": "r-rtb-052313f98ed9696eb1080289494",
            "instance_id": "",
            "instance_owner_id": "",
            "local_gateway_id": "",
            "nat_gateway_id": "",
            "network_interface_id": "",
            "odb_network_arn": "",
            "origin": "CreateRoute",
            "region": "us-east-1",
            "route_table_id": "rtb-052313f98ed9696eb",
            "state": "active",
            "timeouts": null,
            "transit_gateway_id": "",
            "vpc_endpoint_id": "",
            "vpc_peering_connection_id": ""
          },
          "sensitive_attributes": [],
          "identity_schema_version": 0,
          "identity": {
            "account_id": "414444871239",
            "destination_cidr_block": "0.0.0.0/0",
            "destination_ipv6_cidr_block": null,
            "destination_prefix_list_id": null,
            "region": "us-east-1",
            "route_table_id": "rtb-052313f98ed9696eb"
          },
          "private": "eyJlMmJmYjczMC1lY2FhLTExZTYtOGY4OC0zNDM2M2JjN2M0YzAiOnsiY3JlYXRlIjozMDAwMDAwMDAwMDAsImRlbGV0ZSI6MzAwMDAwMDAwMDAwLCJ1cGRhdGUiOjEyMDAwMDAwMDAwMH19",
          "dependencies": [
            "module.network.aws_internet_gateway.igw",
            "module.network.aws_route_table.public",
            "module.network.aws_vpc.main"
          ]
        }
      ]
    },
    {
      "module": "module.network",
      "mode": "managed",
      "type": "aws_route_table",
      "name": "private",
      "provider": "provider[\"registry.terraform.io/hashicorp/aws\"]",
      "instances": [
        {
          "schema_version": 0,
          "attributes": {
            "arn": "arn:aws:ec2:us-east-1:414444871239:route-table/rtb-01a75ea527ed12eed",
            "id": "rtb-01a75ea527ed12eed",
            "owner_id": "414444871239",
            "propagating_vgws": [],
            "region": "us-east-1",
            "route": [
              {
                "carrier_gateway_id": "",
                "cidr_block": "0.0.0.0/0",
                "core_network_arn": "",
                "destination_prefix_list_id": "",
                "egress_only_gateway_id": "",
                "gateway_id": "",
                "ipv6_cidr_block": "",
                "local_gateway_id": "",
                "nat_gateway_id": "nat-0b14e26041ff57ff8",
                "network_interface_id": "",
                "odb_network_arn": "",
                "transit_gateway_id": "",
                "vpc_endpoint_id": "",
                "vpc_peering_connection_id": ""
              }
            ],
            "tags": {
              "Name": "private-rt"
            },
            "tags_all": {
              "Name": "private-rt"
            },
            "timeouts": null,
            "vpc_id": "vpc-0bdf773c0f2b863d0"
          },
          "sensitive_attributes": [],
          "identity_schema_version": 0,
          "identity": {
            "account_id": "414444871239",
            "id": "rtb-01a75ea527ed12eed",
            "region": "us-east-1"
          },
          "private": "eyJlMmJmYjczMC1lY2FhLTExZTYtOGY4OC0zNDM2M2JjN2M0YzAiOnsiY3JlYXRlIjozMDAwMDAwMDAwMDAsImRlbGV0ZSI6MzAwMDAwMDAwMDAwLCJ1cGRhdGUiOjEyMDAwMDAwMDAwMH19",
          "dependencies": [
            "module.network.aws_vpc.main"
          ]
        }
      ]
    },
    {
      "module": "module.network",
      "mode": "managed",
      "type": "aws_route_table",
      "name": "public",
      "provider": "provider[\"registry.terraform.io/hashicorp/aws\"]",
      "instances": [
        {
          "schema_version": 0,
          "attributes": {
            "arn": "arn:aws:ec2:us-east-1:414444871239:route-table/rtb-052313f98ed9696eb",
            "id": "rtb-052313f98ed9696eb",
            "owner_id": "414444871239",
            "propagating_vgws": [],
            "region": "us-east-1",
            "route": [
              {
                "carrier_gateway_id": "",
                "cidr_block": "0.0.0.0/0",
                "core_network_arn": "",
                "destination_prefix_list_id": "",
                "egress_only_gateway_id": "",
                "gateway_id": "igw-0bbec6644edccfcbf",
                "ipv6_cidr_block": "",
                "local_gateway_id": "",
                "nat_gateway_id": "",
                "network_interface_id": "",
                "odb_network_arn": "",
                "transit_gateway_id": "",
                "vpc_endpoint_id": "",
                "vpc_peering_connection_id": ""
              }
            ],
            "tags": {
              "Name": "public-rt"
            },
            "tags_all": {
              "Name": "public-rt"
            },
            "timeouts": null,
            "vpc_id": "vpc-0bdf773c0f2b863d0"
          },
          "sensitive_attributes": [],
          "identity_schema_version": 0,
          "identity": {
            "account_id": "414444871239",
            "id": "rtb-052313f98ed9696eb",
            "region": "us-east-1"
          },
          "private": "eyJlMmJmYjczMC1lY2FhLTExZTYtOGY4OC0zNDM2M2JjN2M0YzAiOnsiY3JlYXRlIjozMDAwMDAwMDAwMDAsImRlbGV0ZSI6MzAwMDAwMDAwMDAwLCJ1cGRhdGUiOjEyMDAwMDAwMDAwMH19",
          "dependencies": [
            "module.network.aws_vpc.main"
          ]
        }
      ]
    },
    {
      "module": "module.network",
      "mode": "managed",
      "type": "aws_route_table_association",
      "name": "private_1",
      "provider": "provider[\"registry.terraform.io/hashicorp/aws\"]",
      "instances": [
        {
          "schema_version": 0,
          "attributes": {
            "gateway_id": "",
            "id": "rtbassoc-0e6717f9ec0b0fd20",
            "region": "us-east-1",
            "route_table_id": "rtb-01a75ea527ed12eed",
            "subnet_id": "subnet-02c974e7382994ad1",
            "timeouts": null
          },
          "sensitive_attributes": [],
          "identity_schema_version": 0,
          "identity": {
            "account_id": "414444871239",
            "id": "rtbassoc-0e6717f9ec0b0fd20",
            "region": "us-east-1"
          },
          "private": "eyJlMmJmYjczMC1lY2FhLTExZTYtOGY4OC0zNDM2M2JjN2M0YzAiOnsiY3JlYXRlIjozMDAwMDAwMDAwMDAsImRlbGV0ZSI6MzAwMDAwMDAwMDAwLCJ1cGRhdGUiOjEyMDAwMDAwMDAwMH19",
          "dependencies": [
            "module.network.aws_route_table.private",
            "module.network.aws_subnet.private_1",
            "module.network.aws_vpc.main",
            "module.network.data.aws_availability_zones.available"
          ]
        }
      ]
    },
    {
      "module": "module.network",
      "mode": "managed",
      "type": "aws_route_table_association",
      "name": "private_2",
      "provider": "provider[\"registry.terraform.io/hashicorp/aws\"]",
      "instances": [
        {
          "schema_version": 0,
          "attributes": {
            "gateway_id": "",
            "id": "rtbassoc-039b357dedacdb7ed",
            "region": "us-east-1",
            "route_table_id": "rtb-01a75ea527ed12eed",
            "subnet_id": "subnet-0b7d54d209c6a9bb8",
            "timeouts": null
          },
          "sensitive_attributes": [],
          "identity_schema_version": 0,
          "identity": {
            "account_id": "414444871239",
            "id": "rtbassoc-039b357dedacdb7ed",
            "region": "us-east-1"
          },
          "private": "eyJlMmJmYjczMC1lY2FhLTExZTYtOGY4OC0zNDM2M2JjN2M0YzAiOnsiY3JlYXRlIjozMDAwMDAwMDAwMDAsImRlbGV0ZSI6MzAwMDAwMDAwMDAwLCJ1cGRhdGUiOjEyMDAwMDAwMDAwMH19",
          "dependencies": [
            "module.network.aws_route_table.private",
            "module.network.aws_subnet.private_2",
            "module.network.aws_vpc.main",
            "module.network.data.aws_availability_zones.available"
          ]
        }
      ]
    },
    {
      "module": "module.network",
      "mode": "managed",
      "type": "aws_route_table_association",
      "name": "public_1",
      "provider": "provider[\"registry.terraform.io/hashicorp/aws\"]",
      "instances": [
        {
          "schema_version": 0,
          "attributes": {
            "gateway_id": "",
            "id": "rtbassoc-08ad1c288ae8b0f9e",
            "region": "us-east-1",
            "route_table_id": "rtb-052313f98ed9696eb",
            "subnet_id": "subnet-082031211ef5c2f03",
            "timeouts": null
          },
          "sensitive_attributes": [],
          "identity_schema_version": 0,
          "identity": {
            "account_id": "414444871239",
            "id": "rtbassoc-08ad1c288ae8b0f9e",
            "region": "us-east-1"
          },
          "private": "eyJlMmJmYjczMC1lY2FhLTExZTYtOGY4OC0zNDM2M2JjN2M0YzAiOnsiY3JlYXRlIjozMDAwMDAwMDAwMDAsImRlbGV0ZSI6MzAwMDAwMDAwMDAwLCJ1cGRhdGUiOjEyMDAwMDAwMDAwMH19",
          "dependencies": [
            "module.network.aws_route_table.public",
            "module.network.aws_subnet.public_1",
            "module.network.aws_vpc.main",
            "module.network.data.aws_availability_zones.available"
          ]
        }
      ]
    },
    {
      "module": "module.network",
      "mode": "managed",
      "type": "aws_route_table_association",
      "name": "public_2",
      "provider": "provider[\"registry.terraform.io/hashicorp/aws\"]",
      "instances": [
        {
          "schema_version": 0,
          "attributes": {
            "gateway_id": "",
            "id": "rtbassoc-0c5bca5455e287deb",
            "region": "us-east-1",
            "route_table_id": "rtb-052313f98ed9696eb",
            "subnet_id": "subnet-0a0b533e07b283dde",
            "timeouts": null
          },
          "sensitive_attributes": [],
          "identity_schema_version": 0,
          "identity": {
            "account_id": "414444871239",
            "id": "rtbassoc-0c5bca5455e287deb",
            "region": "us-east-1"
          },
          "private": "eyJlMmJmYjczMC1lY2FhLTExZTYtOGY4OC0zNDM2M2JjN2M0YzAiOnsiY3JlYXRlIjozMDAwMDAwMDAwMDAsImRlbGV0ZSI6MzAwMDAwMDAwMDAwLCJ1cGRhdGUiOjEyMDAwMDAwMDAwMH19",
          "dependencies": [
            "module.network.aws_route_table.public",
            "module.network.aws_subnet.public_2",
            "module.network.aws_vpc.main",
            "module.network.data.aws_availability_zones.available"
          ]
        }
      ]
    },
    {
      "module": "module.network",
      "mode": "managed",
      "type": "aws_subnet",
      "name": "private_1",
      "provider": "provider[\"registry.terraform.io/hashicorp/aws\"]",
      "instances": [
        {
          "schema_version": 1,
          "attributes": {
            "arn": "arn:aws:ec2:us-east-1:414444871239:subnet/subnet-02c974e7382994ad1",
            "assign_ipv6_address_on_creation": false,
            "availability_zone": "us-east-1a",
            "availability_zone_id": "use1-az1",
            "cidr_block": "10.0.3.0/24",
            "customer_owned_ipv4_pool": "",
            "enable_dns64": false,
            "enable_lni_at_device_index": 0,
            "enable_resource_name_dns_a_record_on_launch": false,
            "enable_resource_name_dns_aaaa_record_on_launch": false,
            "id": "subnet-02c974e7382994ad1",
            "ipv4_ipam_pool_id": null,
            "ipv4_netmask_length": null,
            "ipv6_cidr_block": "",
            "ipv6_cidr_block_association_id": "",
            "ipv6_ipam_pool_id": null,
            "ipv6_native": false,
            "ipv6_netmask_length": null,
            "map_customer_owned_ip_on_launch": false,
            "map_public_ip_on_launch": false,
            "outpost_arn": "",
            "owner_id": "414444871239",
            "private_dns_hostname_type_on_launch": "ip-name",
            "region": "us-east-1",
            "tags": {
              "Name": "private-1"
            },
            "tags_all": {
              "Name": "private-1"
            },
            "timeouts": null,
            "vpc_id": "vpc-0bdf773c0f2b863d0"
          },
          "sensitive_attributes": [],
          "identity_schema_version": 0,
          "identity": {
            "account_id": "414444871239",
            "id": "subnet-02c974e7382994ad1",
            "region": "us-east-1"
          },
          "private": "eyJlMmJmYjczMC1lY2FhLTExZTYtOGY4OC0zNDM2M2JjN2M0YzAiOnsiY3JlYXRlIjo2MDAwMDAwMDAwMDAsImRlbGV0ZSI6MTIwMDAwMDAwMDAwMH0sInNjaGVtYV92ZXJzaW9uIjoiMSJ9",
          "dependencies": [
            "module.network.aws_vpc.main",
            "module.network.data.aws_availability_zones.available"
          ]
        }
      ]
    },
    {
      "module": "module.network",
      "mode": "managed",
      "type": "aws_subnet",
      "name": "private_2",
      "provider": "provider[\"registry.terraform.io/hashicorp/aws\"]",
      "instances": [
        {
          "schema_version": 1,
          "attributes": {
            "arn": "arn:aws:ec2:us-east-1:414444871239:subnet/subnet-0b7d54d209c6a9bb8",
            "assign_ipv6_address_on_creation": false,
            "availability_zone": "us-east-1b",
            "availability_zone_id": "use1-az2",
            "cidr_block": "10.0.4.0/24",
            "customer_owned_ipv4_pool": "",
            "enable_dns64": false,
            "enable_lni_at_device_index": 0,
            "enable_resource_name_dns_a_record_on_launch": false,
            "enable_resource_name_dns_aaaa_record_on_launch": false,
            "id": "subnet-0b7d54d209c6a9bb8",
            "ipv4_ipam_pool_id": null,
            "ipv4_netmask_length": null,
            "ipv6_cidr_block": "",
            "ipv6_cidr_block_association_id": "",
            "ipv6_ipam_pool_id": null,
            "ipv6_native": false,
            "ipv6_netmask_length": null,
            "map_customer_owned_ip_on_launch": false,
            "map_public_ip_on_launch": false,
            "outpost_arn": "",
            "owner_id": "414444871239",
            "private_dns_hostname_type_on_launch": "ip-name",
            "region": "us-east-1",
            "tags": {
              "Name": "private-2"
            },
            "tags_all": {
              "Name": "private-2"
            },
            "timeouts": null,
            "vpc_id": "vpc-0bdf773c0f2b863d0"
          },
          "sensitive_attributes": [],
          "identity_schema_version": 0,
          "identity": {
            "account_id": "414444871239",
            "id": "subnet-0b7d54d209c6a9bb8",
            "region": "us-east-1"
          },
          "private": "eyJlMmJmYjczMC1lY2FhLTExZTYtOGY4OC0zNDM2M2JjN2M0YzAiOnsiY3JlYXRlIjo2MDAwMDAwMDAwMDAsImRlbGV0ZSI6MTIwMDAwMDAwMDAwMH0sInNjaGVtYV92ZXJzaW9uIjoiMSJ9",
          "dependencies": [
            "module.network.aws_vpc.main",
            "module.network.data.aws_availability_zones.available"
          ]
        }
      ]
    },
    {
      "module": "module.network",
      "mode": "managed",
      "type": "aws_subnet",
      "name": "public_1",
      "provider": "provider[\"registry.terraform.io/hashicorp/aws\"]",
      "instances": [
        {
          "schema_version": 1,
          "attributes": {
            "arn": "arn:aws:ec2:us-east-1:414444871239:subnet/subnet-082031211ef5c2f03",
            "assign_ipv6_address_on_creation": false,
            "availability_zone": "us-east-1a",
            "availability_zone_id": "use1-az1",
            "cidr_block": "10.0.1.0/24",
            "customer_owned_ipv4_pool": "",
            "enable_dns64": false,
            "enable_lni_at_device_index": 0,
            "enable_resource_name_dns_a_record_on_launch": false,
            "enable_resource_name_dns_aaaa_record_on_launch": false,
            "id": "subnet-082031211ef5c2f03",
            "ipv4_ipam_pool_id": null,
            "ipv4_netmask_length": null,
            "ipv6_cidr_block": "",
            "ipv6_cidr_block_association_id": "",
            "ipv6_ipam_pool_id": null,
            "ipv6_native": false,
            "ipv6_netmask_length": null,
            "map_customer_owned_ip_on_launch": false,
            "map_public_ip_on_launch": true,
            "outpost_arn": "",
            "owner_id": "414444871239",
            "private_dns_hostname_type_on_launch": "ip-name",
            "region": "us-east-1",
            "tags": {
              "Name": "public-1"
            },
            "tags_all": {
              "Name": "public-1"
            },
            "timeouts": null,
            "vpc_id": "vpc-0bdf773c0f2b863d0"
          },
          "sensitive_attributes": [],
          "identity_schema_version": 0,
          "identity": {
            "account_id": "414444871239",
            "id": "subnet-082031211ef5c2f03",
            "region": "us-east-1"
          },
          "private": "eyJlMmJmYjczMC1lY2FhLTExZTYtOGY4OC0zNDM2M2JjN2M0YzAiOnsiY3JlYXRlIjo2MDAwMDAwMDAwMDAsImRlbGV0ZSI6MTIwMDAwMDAwMDAwMH0sInNjaGVtYV92ZXJzaW9uIjoiMSJ9",
          "dependencies": [
            "module.network.aws_vpc.main",
            "module.network.data.aws_availability_zones.available"
          ]
        }
      ]
    },
    {
      "module": "module.network",
      "mode": "managed",
      "type": "aws_subnet",
      "name": "public_2",
      "provider": "provider[\"registry.terraform.io/hashicorp/aws\"]",
      "instances": [
        {
          "schema_version": 1,
          "attributes": {
            "arn": "arn:aws:ec2:us-east-1:414444871239:subnet/subnet-0a0b533e07b283dde",
            "assign_ipv6_address_on_creation": false,
            "availability_zone": "us-east-1b",
            "availability_zone_id": "use1-az2",
            "cidr_block": "10.0.2.0/24",
            "customer_owned_ipv4_pool": "",
            "enable_dns64": false,
            "enable_lni_at_device_index": 0,
            "enable_resource_name_dns_a_record_on_launch": false,
            "enable_resource_name_dns_aaaa_record_on_launch": false,
            "id": "subnet-0a0b533e07b283dde",
            "ipv4_ipam_pool_id": null,
            "ipv4_netmask_length": null,
            "ipv6_cidr_block": "",
            "ipv6_cidr_block_association_id": "",
            "ipv6_ipam_pool_id": null,
            "ipv6_native": false,
            "ipv6_netmask_length": null,
            "map_customer_owned_ip_on_launch": false,
            "map_public_ip_on_launch": true,
            "outpost_arn": "",
            "owner_id": "414444871239",
            "private_dns_hostname_type_on_launch": "ip-name",
            "region": "us-east-1",
            "tags": {
              "Name": "public-2"
            },
            "tags_all": {
              "Name": "public-2"
            },
            "timeouts": null,
            "vpc_id": "vpc-0bdf773c0f2b863d0"
          },
          "sensitive_attributes": [],
          "identity_schema_version": 0,
          "identity": {
            "account_id": "414444871239",
            "id": "subnet-0a0b533e07b283dde",
            "region": "us-east-1"
          },
          "private": "eyJlMmJmYjczMC1lY2FhLTExZTYtOGY4OC0zNDM2M2JjN2M0YzAiOnsiY3JlYXRlIjo2MDAwMDAwMDAwMDAsImRlbGV0ZSI6MTIwMDAwMDAwMDAwMH0sInNjaGVtYV92ZXJzaW9uIjoiMSJ9",
          "dependencies": [
            "module.network.aws_vpc.main",
            "module.network.data.aws_availability_zones.available"
          ]
        }
      ]
    },
    {
      "module": "module.network",
      "mode": "managed",
      "type": "aws_vpc",
      "name": "main",
      "provider": "provider[\"registry.terraform.io/hashicorp/aws\"]",
      "instances": [
        {
          "schema_version": 1,
          "attributes": {
            "arn": "arn:aws:ec2:us-east-1:414444871239:vpc/vpc-0bdf773c0f2b863d0",
            "assign_generated_ipv6_cidr_block": false,
            "cidr_block": "10.0.0.0/16",
            "default_network_acl_id": "acl-0fbaabdb0758ae109",
            "default_route_table_id": "rtb-0567784e462311ea6",
            "default_security_group_id": "sg-07803cb8db3e89a89",
            "dhcp_options_id": "dopt-0793138880b0a6147",
            "enable_dns_hostnames": true,
            "enable_dns_support": true,
            "enable_network_address_usage_metrics": false,
            "id": "vpc-0bdf773c0f2b863d0",
            "instance_tenancy": "default",
            "ipv4_ipam_pool_id": null,
            "ipv4_netmask_length": null,
            "ipv6_association_id": "",
            "ipv6_cidr_block": "",
            "ipv6_cidr_block_network_border_group": "",
            "ipv6_ipam_pool_id": "",
            "ipv6_netmask_length": 0,
            "main_route_table_id": "rtb-0567784e462311ea6",
            "owner_id": "414444871239",
            "region": "us-east-1",
            "tags": {
              "Name": "maromstream-vpc"
            },
            "tags_all": {
              "Name": "maromstream-vpc"
            }
          },
          "sensitive_attributes": [],
          "identity_schema_version": 0,
          "identity": {
            "account_id": "414444871239",
            "id": "vpc-0bdf773c0f2b863d0",
            "region": "us-east-1"
          },
          "private": "eyJzY2hlbWFfdmVyc2lvbiI6IjEifQ=="
        }
      ]
    },
    {
      "module": "module.security",
      "mode": "managed",
      "type": "aws_cloudwatch_log_group",
      "name": "waf_logs",
      "provider": "provider[\"registry.terraform.io/hashicorp/aws\"]",
      "instances": [
        {
          "schema_version": 0,
          "attributes": {
            "arn": "arn:aws:logs:us-east-1:414444871239:log-group:aws-waf-logs-app",
            "deletion_protection_enabled": false,
            "id": "aws-waf-logs-app",
            "kms_key_id": "",
            "log_group_class": "STANDARD",
            "name": "aws-waf-logs-app",
            "name_prefix": "",
            "region": "us-east-1",
            "retention_in_days": 30,
            "skip_destroy": false,
            "tags": {},
            "tags_all": {}
          },
          "sensitive_attributes": [],
          "identity_schema_version": 0,
          "identity": {
            "account_id": "414444871239",
            "name": "aws-waf-logs-app",
            "region": "us-east-1"
          },
          "private": "bnVsbA=="
        }
      ]
    },
    {
      "module": "module.security",
      "mode": "managed",
      "type": "aws_cloudwatch_log_resource_policy",
      "name": "waf",
      "provider": "provider[\"registry.terraform.io/hashicorp/aws\"]",
      "instances": [
        {
          "schema_version": 0,
          "attributes": {
            "id": "AWSWAFLoggingPolicy",
            "policy_document": "{\"Statement\":[{\"Action\":[\"logs:CreateLogStream\",\"logs:PutLogEvents\"],\"Effect\":\"Allow\",\"Principal\":{\"Service\":\"delivery.logs.amazonaws.com\"},\"Resource\":\"arn:aws:logs:us-east-1:414444871239:log-group:aws-waf-logs-app:*\",\"Sid\":\"AWSWAFLogging\"}],\"Version\":\"2012-10-17\"}",
            "policy_name": "AWSWAFLoggingPolicy",
            "policy_scope": "ACCOUNT",
            "region": "us-east-1",
            "resource_arn": "",
            "revision_id": ""
          },
          "sensitive_attributes": [],
          "identity_schema_version": 0,
          "identity": {
            "account_id": "414444871239",
            "policy_name": "AWSWAFLoggingPolicy",
            "region": "us-east-1",
            "resource_arn": null
          },
          "private": "bnVsbA==",
          "dependencies": [
            "module.security.aws_cloudwatch_log_group.waf_logs"
          ]
        }
      ]
    },
    {
      "module": "module.security",
      "mode": "managed",
      "type": "aws_iam_instance_profile",
      "name": "ec2_profile",
      "provider": "provider[\"registry.terraform.io/hashicorp/aws\"]",
      "instances": [
        {
          "schema_version": 0,
          "attributes": {
            "arn": "arn:aws:iam::414444871239:instance-profile/ec2-app-profile",
            "create_date": "2026-08-03T09:36:11Z",
            "id": "ec2-app-profile",
            "name": "ec2-app-profile",
            "name_prefix": "",
            "path": "/",
            "role": "ec2-app-role",
            "tags": {},
            "tags_all": {},
            "unique_id": "AIPAWA7WW3ZDXOMJQLUR7"
          },
          "sensitive_attributes": [],
          "identity_schema_version": 0,
          "identity": {
            "account_id": "414444871239",
            "name": "ec2-app-profile"
          },
          "private": "bnVsbA==",
          "dependencies": [
            "module.security.aws_iam_role.ec2_role"
          ]
        }
      ]
    },
    {
      "module": "module.security",
      "mode": "managed",
      "type": "aws_iam_role",
      "name": "ec2_role",
      "provider": "provider[\"registry.terraform.io/hashicorp/aws\"]",
      "instances": [
        {
          "schema_version": 0,
          "attributes": {
            "arn": "arn:aws:iam::414444871239:role/ec2-app-role",
            "assume_role_policy": "{\"Statement\":[{\"Action\":\"sts:AssumeRole\",\"Effect\":\"Allow\",\"Principal\":{\"Service\":\"ec2.amazonaws.com\"}}],\"Version\":\"2012-10-17\"}",
            "create_date": "2026-08-03T09:36:10Z",
            "description": "",
            "force_detach_policies": false,
            "id": "ec2-app-role",
            "inline_policy": [
              {
                "name": "s3-access",
                "policy": "{\"Version\":\"2012-10-17\",\"Statement\":[{\"Action\":[\"s3:PutObject\",\"s3:GetObject\",\"s3:DeleteObject\"],\"Effect\":\"Allow\",\"Resource\":\"arn:aws:s3:::marom-stream-042b671a/*\"},{\"Action\":\"s3:ListBucket\",\"Effect\":\"Allow\",\"Resource\":\"arn:aws:s3:::marom-stream-042b671a/*\"}]}"
              }
            ],
            "managed_policy_arns": [
              "arn:aws:iam::aws:policy/AmazonEC2ContainerRegistryReadOnly",
              "arn:aws:iam::aws:policy/AmazonSSMManagedInstanceCore"
            ],
            "max_session_duration": 3600,
            "name": "ec2-app-role",
            "name_prefix": "",
            "path": "/",
            "permissions_boundary": "",
            "tags": {},
            "tags_all": {},
            "unique_id": "AROAWA7WW3ZDVYKLPWSD2"
          },
          "sensitive_attributes": [],
          "identity_schema_version": 0,
          "identity": {
            "account_id": "414444871239",
            "name": "ec2-app-role"
          },
          "private": "bnVsbA=="
        }
      ]
    },
    {
      "module": "module.security",
      "mode": "managed",
      "type": "aws_iam_role_policy",
      "name": "s3_access",
      "provider": "provider[\"registry.terraform.io/hashicorp/aws\"]",
      "instances": [
        {
          "schema_version": 0,
          "attributes": {
            "id": "ec2-app-role:s3-access",
            "name": "s3-access",
            "name_prefix": "",
            "policy": "{\"Version\":\"2012-10-17\",\"Statement\":[{\"Action\":[\"s3:PutObject\",\"s3:GetObject\",\"s3:DeleteObject\"],\"Effect\":\"Allow\",\"Resource\":\"arn:aws:s3:::marom-stream-042b671a/*\"},{\"Action\":\"s3:ListBucket\",\"Effect\":\"Allow\",\"Resource\":\"arn:aws:s3:::marom-stream-042b671a/*\"}]}",
            "role": "ec2-app-role"
          },
          "sensitive_attributes": [],
          "identity_schema_version": 0,
          "identity": {
            "account_id": "414444871239",
            "name": "s3-access",
            "role": "ec2-app-role"
          },
          "private": "bnVsbA==",
          "dependencies": [
            "module.data.aws_s3_bucket.app_bucket",
            "module.data.random_id.suffix",
            "module.security.aws_iam_role.ec2_role"
          ]
        }
      ]
    },
    {
      "module": "module.security",
      "mode": "managed",
      "type": "aws_iam_role_policy_attachment",
      "name": "ecr",
      "provider": "provider[\"registry.terraform.io/hashicorp/aws\"]",
      "instances": [
        {
          "schema_version": 0,
          "attributes": {
            "id": "ec2-app-role/arn:aws:iam::aws:policy/AmazonEC2ContainerRegistryReadOnly",
            "policy_arn": "arn:aws:iam::aws:policy/AmazonEC2ContainerRegistryReadOnly",
            "role": "ec2-app-role"
          },
          "sensitive_attributes": [],
          "identity_schema_version": 0,
          "identity": {
            "account_id": "414444871239",
            "policy_arn": "arn:aws:iam::aws:policy/AmazonEC2ContainerRegistryReadOnly",
            "role": "ec2-app-role"
          },
          "private": "bnVsbA==",
          "dependencies": [
            "module.security.aws_iam_role.ec2_role"
          ]
        }
      ]
    },
    {
      "module": "module.security",
      "mode": "managed",
      "type": "aws_iam_role_policy_attachment",
      "name": "ssm",
      "provider": "provider[\"registry.terraform.io/hashicorp/aws\"]",
      "instances": [
        {
          "schema_version": 0,
          "attributes": {
            "id": "ec2-app-role/arn:aws:iam::aws:policy/AmazonSSMManagedInstanceCore",
            "policy_arn": "arn:aws:iam::aws:policy/AmazonSSMManagedInstanceCore",
            "role": "ec2-app-role"
          },
          "sensitive_attributes": [],
          "identity_schema_version": 0,
          "identity": {
            "account_id": "414444871239",
            "policy_arn": "arn:aws:iam::aws:policy/AmazonSSMManagedInstanceCore",
            "role": "ec2-app-role"
          },
          "private": "bnVsbA==",
          "dependencies": [
            "module.security.aws_iam_role.ec2_role"
          ]
        }
      ]
    },
    {
      "module": "module.security",
      "mode": "managed",
      "type": "aws_security_group",
      "name": "alb_sg",
      "provider": "provider[\"registry.terraform.io/hashicorp/aws\"]",
      "instances": [
        {
          "schema_version": 1,
          "attributes": {
            "arn": "arn:aws:ec2:us-east-1:414444871239:security-group/sg-01a98d1e32d5a11d1",
            "description": "Allow inbound HTTP and HTTPS from the internet to the ALB",
            "egress": [
              {
                "cidr_blocks": [
                  "0.0.0.0/0"
                ],
                "description": "Allow all outbound traffic",
                "from_port": 443,
                "ipv6_cidr_blocks": [],
                "prefix_list_ids": [],
                "protocol": "tcp",
                "security_groups": [],
                "self": false,
                "to_port": 443
              }
            ],
            "id": "sg-01a98d1e32d5a11d1",
            "ingress": [
              {
                "cidr_blocks": [
                  "0.0.0.0/0"
                ],
                "description": "Allow HTTP traffic from internet",
                "from_port": 80,
                "ipv6_cidr_blocks": [],
                "prefix_list_ids": [],
                "protocol": "tcp",
                "security_groups": [],
                "self": false,
                "to_port": 80
              },
              {
                "cidr_blocks": [
                  "0.0.0.0/0"
                ],
                "description": "Allow HTTPS traffic from internet",
                "from_port": 443,
                "ipv6_cidr_blocks": [],
                "prefix_list_ids": [],
                "protocol": "tcp",
                "security_groups": [],
                "self": false,
                "to_port": 443
              }
            ],
            "name": "alb-sg",
            "name_prefix": "",
            "owner_id": "414444871239",
            "region": "us-east-1",
            "revoke_rules_on_delete": false,
            "tags": {},
            "tags_all": {},
            "timeouts": null,
            "vpc_id": "vpc-0bdf773c0f2b863d0"
          },
          "sensitive_attributes": [],
          "identity_schema_version": 0,
          "identity": {
            "account_id": "414444871239",
            "id": "sg-01a98d1e32d5a11d1",
            "region": "us-east-1"
          },
          "private": "eyJlMmJmYjczMC1lY2FhLTExZTYtOGY4OC0zNDM2M2JjN2M0YzAiOnsiY3JlYXRlIjo2MDAwMDAwMDAwMDAsImRlbGV0ZSI6OTAwMDAwMDAwMDAwfSwic2NoZW1hX3ZlcnNpb24iOiIxIn0=",
          "dependencies": [
            "module.network.aws_vpc.main"
          ]
        }
      ]
    },
    {
      "module": "module.security",
      "mode": "managed",
      "type": "aws_security_group",
      "name": "backend_sg",
      "provider": "provider[\"registry.terraform.io/hashicorp/aws\"]",
      "instances": [
        {
          "schema_version": 1,
          "attributes": {
            "arn": "arn:aws:ec2:us-east-1:414444871239:security-group/sg-005b9e0b58ca64b9d",
            "description": "Allow traffic from the frontend tier to the backend instances",
            "egress": [
              {
                "cidr_blocks": [
                  "0.0.0.0/0"
                ],
                "description": "Allow all outbound traffic",
                "from_port": 443,
                "ipv6_cidr_blocks": [],
                "prefix_list_ids": [],
                "protocol": "tcp",
                "security_groups": [],
                "self": false,
                "to_port": 443
              }
            ],
            "id": "sg-005b9e0b58ca64b9d",
            "ingress": [
              {
                "cidr_blocks": [],
                "description": "Allow traffic from frontend",
                "from_port": 8080,
                "ipv6_cidr_blocks": [],
                "prefix_list_ids": [],
                "protocol": "tcp",
                "security_groups": [
                  "sg-0f3fd100698d6ad6b"
                ],
                "self": false,
                "to_port": 8080
              }
            ],
            "name": "backend-sg",
            "name_prefix": "",
            "owner_id": "414444871239",
            "region": "us-east-1",
            "revoke_rules_on_delete": false,
            "tags": {},
            "tags_all": {},
            "timeouts": null,
            "vpc_id": "vpc-0bdf773c0f2b863d0"
          },
          "sensitive_attributes": [],
          "identity_schema_version": 0,
          "identity": {
            "account_id": "414444871239",
            "id": "sg-005b9e0b58ca64b9d",
            "region": "us-east-1"
          },
          "private": "eyJlMmJmYjczMC1lY2FhLTExZTYtOGY4OC0zNDM2M2JjN2M0YzAiOnsiY3JlYXRlIjo2MDAwMDAwMDAwMDAsImRlbGV0ZSI6OTAwMDAwMDAwMDAwfSwic2NoZW1hX3ZlcnNpb24iOiIxIn0=",
          "dependencies": [
            "module.network.aws_vpc.main",
            "module.security.aws_security_group.alb_sg",
            "module.security.aws_security_group.frontend_sg"
          ]
        }
      ]
    },
    {
      "module": "module.security",
      "mode": "managed",
      "type": "aws_security_group",
      "name": "db_sg",
      "provider": "provider[\"registry.terraform.io/hashicorp/aws\"]",
      "instances": [
        {
          "schema_version": 1,
          "attributes": {
            "arn": "arn:aws:ec2:us-east-1:414444871239:security-group/sg-05932f50f7a592eb8",
            "description": "Allow MongoDB traffic from the backend tier",
            "egress": [
              {
                "cidr_blocks": [
                  "0.0.0.0/0"
                ],
                "description": "Allow all outbound traffic",
                "from_port": 443,
                "ipv6_cidr_blocks": [],
                "prefix_list_ids": [],
                "protocol": "tcp",
                "security_groups": [],
                "self": false,
                "to_port": 443
              }
            ],
            "id": "sg-05932f50f7a592eb8",
            "ingress": [
              {
                "cidr_blocks": [],
                "description": "Allow MongoDB traffic from backend",
                "from_port": 27017,
                "ipv6_cidr_blocks": [],
                "prefix_list_ids": [],
                "protocol": "tcp",
                "security_groups": [
                  "sg-005b9e0b58ca64b9d"
                ],
                "self": false,
                "to_port": 27017
              }
            ],
            "name": "db-sg",
            "name_prefix": "",
            "owner_id": "414444871239",
            "region": "us-east-1",
            "revoke_rules_on_delete": false,
            "tags": {},
            "tags_all": {},
            "timeouts": null,
            "vpc_id": "vpc-0bdf773c0f2b863d0"
          },
          "sensitive_attributes": [],
          "identity_schema_version": 0,
          "identity": {
            "account_id": "414444871239",
            "id": "sg-05932f50f7a592eb8",
            "region": "us-east-1"
          },
          "private": "eyJlMmJmYjczMC1lY2FhLTExZTYtOGY4OC0zNDM2M2JjN2M0YzAiOnsiY3JlYXRlIjo2MDAwMDAwMDAwMDAsImRlbGV0ZSI6OTAwMDAwMDAwMDAwfSwic2NoZW1hX3ZlcnNpb24iOiIxIn0=",
          "dependencies": [
            "module.network.aws_vpc.main",
            "module.security.aws_security_group.alb_sg",
            "module.security.aws_security_group.backend_sg",
            "module.security.aws_security_group.frontend_sg"
          ]
        }
      ]
    },
    {
      "module": "module.security",
      "mode": "managed",
      "type": "aws_security_group",
      "name": "frontend_sg",
      "provider": "provider[\"registry.terraform.io/hashicorp/aws\"]",
      "instances": [
        {
          "schema_version": 1,
          "attributes": {
            "arn": "arn:aws:ec2:us-east-1:414444871239:security-group/sg-0f3fd100698d6ad6b",
            "description": "Allow traffic from the ALB to the frontend instances",
            "egress": [
              {
                "cidr_blocks": [
                  "0.0.0.0/0"
                ],
                "description": "Allow all outbound traffic",
                "from_port": 443,
                "ipv6_cidr_blocks": [],
                "prefix_list_ids": [],
                "protocol": "tcp",
                "security_groups": [],
                "self": false,
                "to_port": 443
              }
            ],
            "id": "sg-0f3fd100698d6ad6b",
            "ingress": [
              {
                "cidr_blocks": [],
                "description": "Allow traffic from ALB port 80",
                "from_port": 80,
                "ipv6_cidr_blocks": [],
                "prefix_list_ids": [],
                "protocol": "tcp",
                "security_groups": [
                  "sg-01a98d1e32d5a11d1"
                ],
                "self": false,
                "to_port": 80
              }
            ],
            "name": "frontend-sg",
            "name_prefix": "",
            "owner_id": "414444871239",
            "region": "us-east-1",
            "revoke_rules_on_delete": false,
            "tags": {},
            "tags_all": {},
            "timeouts": null,
            "vpc_id": "vpc-0bdf773c0f2b863d0"
          },
          "sensitive_attributes": [],
          "identity_schema_version": 0,
          "identity": {
            "account_id": "414444871239",
            "id": "sg-0f3fd100698d6ad6b",
            "region": "us-east-1"
          },
          "private": "eyJlMmJmYjczMC1lY2FhLTExZTYtOGY4OC0zNDM2M2JjN2M0YzAiOnsiY3JlYXRlIjo2MDAwMDAwMDAwMDAsImRlbGV0ZSI6OTAwMDAwMDAwMDAwfSwic2NoZW1hX3ZlcnNpb24iOiIxIn0=",
          "dependencies": [
            "module.network.aws_vpc.main",
            "module.security.aws_security_group.alb_sg"
          ]
        }
      ]
    },
    {
      "module": "module.security",
      "mode": "managed",
      "type": "aws_wafv2_web_acl",
      "name": "app",
      "provider": "provider[\"registry.terraform.io/hashicorp/aws\"]",
      "instances": [
        {
          "schema_version": 0,
          "attributes": {
            "application_integration_url": "",
            "arn": "arn:aws:wafv2:us-east-1:414444871239:regional/webacl/app-waf-acl/92cb2057-a793-4e73-8fec-62a924bc7c4f",
            "association_config": [],
            "capacity": 927,
            "captcha_config": [],
            "challenge_config": [],
            "custom_response_body": [],
            "data_protection_config": [],
            "default_action": [
              {
                "allow": [
                  {
                    "custom_request_handling": []
                  }
                ],
                "block": []
              }
            ],
            "description": "Regional WAF for the application ALB",
            "id": "92cb2057-a793-4e73-8fec-62a924bc7c4f",
            "lock_token": "fdbc8d04-4d8b-4846-8245-990c1af6a870",
            "name": "app-waf-acl",
            "name_prefix": "",
            "region": "us-east-1",
            "rule": [
              {
                "action": [
                  {
                    "allow": [],
                    "block": [
                      {
                        "custom_response": []
                      }
                    ],
                    "captcha": [],
                    "challenge": [],
                    "count": []
                  }
                ],
                "captcha_config": [],
                "challenge_config": [],
                "name": "rate-limit-2000-per-5m",
                "override_action": [],
                "priority": 4,
                "rule_label": [],
                "statement": [
                  {
                    "and_statement": [],
                    "asn_match_statement": [],
                    "byte_match_statement": [],
                    "geo_match_statement": [],
                    "ip_set_reference_statement": [],
                    "label_match_statement": [],
                    "managed_rule_group_statement": [],
                    "not_statement": [],
                    "or_statement": [],
                    "rate_based_statement": [
                      {
                        "aggregate_key_type": "IP",
                        "custom_key": [],
                        "evaluation_window_sec": 300,
                        "forwarded_ip_config": [],
                        "limit": 2000,
                        "scope_down_statement": []
                      }
                    ],
                    "regex_match_statement": [],
                    "regex_pattern_set_reference_statement": [],
                    "rule_group_reference_statement": [],
                    "size_constraint_statement": [],
                    "sqli_match_statement": [],
                    "xss_match_statement": []
                  }
                ],
                "visibility_config": [
                  {
                    "cloudwatch_metrics_enabled": true,
                    "metric_name": "rate-limit-2000-per-5m",
                    "sampled_requests_enabled": true
                  }
                ]
              },
              {
                "action": [],
                "captcha_config": [],
                "challenge_config": [],
                "name": "aws-common-rules",
                "override_action": [
                  {
                    "count": [],
                    "none": [
                      {}
                    ]
                  }
                ],
                "priority": 1,
                "rule_label": [],
                "statement": [
                  {
                    "and_statement": [],
                    "asn_match_statement": [],
                    "byte_match_statement": [],
                    "geo_match_statement": [],
                    "ip_set_reference_statement": [],
                    "label_match_statement": [],
                    "managed_rule_group_statement": [
                      {
                        "managed_rule_group_configs": [],
                        "name": "AWSManagedRulesCommonRuleSet",
                        "rule_action_override": [],
                        "scope_down_statement": [],
                        "vendor_name": "AWS",
                        "version": ""
                      }
                    ],
                    "not_statement": [],
                    "or_statement": [],
                    "rate_based_statement": [],
                    "regex_match_statement": [],
                    "regex_pattern_set_reference_statement": [],
                    "rule_group_reference_statement": [],
                    "size_constraint_statement": [],
                    "sqli_match_statement": [],
                    "xss_match_statement": []
                  }
                ],
                "visibility_config": [
                  {
                    "cloudwatch_metrics_enabled": true,
                    "metric_name": "aws-common-rules",
                    "sampled_requests_enabled": true
                  }
                ]
              },
              {
                "action": [],
                "captcha_config": [],
                "challenge_config": [],
                "name": "aws-ip-reputation",
                "override_action": [
                  {
                    "count": [],
                    "none": [
                      {}
                    ]
                  }
                ],
                "priority": 3,
                "rule_label": [],
                "statement": [
                  {
                    "and_statement": [],
                    "asn_match_statement": [],
                    "byte_match_statement": [],
                    "geo_match_statement": [],
                    "ip_set_reference_statement": [],
                    "label_match_statement": [],
                    "managed_rule_group_statement": [
                      {
                        "managed_rule_group_configs": [],
                        "name": "AWSManagedRulesAmazonIpReputationList",
                        "rule_action_override": [],
                        "scope_down_statement": [],
                        "vendor_name": "AWS",
                        "version": ""
                      }
                    ],
                    "not_statement": [],
                    "or_statement": [],
                    "rate_based_statement": [],
                    "regex_match_statement": [],
                    "regex_pattern_set_reference_statement": [],
                    "rule_group_reference_statement": [],
                    "size_constraint_statement": [],
                    "sqli_match_statement": [],
                    "xss_match_statement": []
                  }
                ],
                "visibility_config": [
                  {
                    "cloudwatch_metrics_enabled": true,
                    "metric_name": "aws-ip-reputation",
                    "sampled_requests_enabled": true
                  }
                ]
              },
              {
                "action": [],
                "captcha_config": [],
                "challenge_config": [],
                "name": "aws-known-bad-inputs",
                "override_action": [
                  {
                    "count": [],
                    "none": [
                      {}
                    ]
                  }
                ],
                "priority": 2,
                "rule_label": [],
                "statement": [
                  {
                    "and_statement": [],
                    "asn_match_statement": [],
                    "byte_match_statement": [],
                    "geo_match_statement": [],
                    "ip_set_reference_statement": [],
                    "label_match_statement": [],
                    "managed_rule_group_statement": [
                      {
                        "managed_rule_group_configs": [],
                        "name": "AWSManagedRulesKnownBadInputsRuleSet",
                        "rule_action_override": [],
                        "scope_down_statement": [],
                        "vendor_name": "AWS",
                        "version": ""
                      }
                    ],
                    "not_statement": [],
                    "or_statement": [],
                    "rate_based_statement": [],
                    "regex_match_statement": [],
                    "regex_pattern_set_reference_statement": [],
                    "rule_group_reference_statement": [],
                    "size_constraint_statement": [],
                    "sqli_match_statement": [],
                    "xss_match_statement": []
                  }
                ],
                "visibility_config": [
                  {
                    "cloudwatch_metrics_enabled": true,
                    "metric_name": "aws-known-bad-inputs",
                    "sampled_requests_enabled": true
                  }
                ]
              }
            ],
            "rule_json": null,
            "scope": "REGIONAL",
            "tags": {},
            "tags_all": {},
            "token_domains": [],
            "visibility_config": [
              {
                "cloudwatch_metrics_enabled": true,
                "metric_name": "app-waf-acl",
                "sampled_requests_enabled": true
              }
            ]
          },
          "sensitive_attributes": [],
          "identity_schema_version": 0,
          "private": "bnVsbA=="
        }
      ]
    },
    {
      "module": "module.security",
      "mode": "managed",
      "type": "aws_wafv2_web_acl_logging_configuration",
      "name": "app",
      "provider": "provider[\"registry.terraform.io/hashicorp/aws\"]",
      "instances": [
        {
          "schema_version": 0,
          "attributes": {
            "id": "arn:aws:wafv2:us-east-1:414444871239:regional/webacl/app-waf-acl/92cb2057-a793-4e73-8fec-62a924bc7c4f",
            "log_destination_configs": [
              "arn:aws:logs:us-east-1:414444871239:log-group:aws-waf-logs-app"
            ],
            "logging_filter": [],
            "redacted_fields": [],
            "region": "us-east-1",
            "resource_arn": "arn:aws:wafv2:us-east-1:414444871239:regional/webacl/app-waf-acl/92cb2057-a793-4e73-8fec-62a924bc7c4f"
          },
          "sensitive_attributes": [],
          "identity_schema_version": 0,
          "private": "bnVsbA==",
          "dependencies": [
            "module.security.aws_cloudwatch_log_group.waf_logs",
            "module.security.aws_wafv2_web_acl.app"
          ]
        }
      ]
    }
  ],
  "check_results": null
}
